// !$*UTF8*$!
{
	archiveVersion = 1;
	classes = {
	};
	objectVersion = 55;
	objects = {

/* Begin PBXBuildFile section */
		04309BEA296F353400A439D4 /* TOLooksCollectionView.swift in Sources */ = {isa = PBXBuildFile; fileRef = 04309BE9296F353400A439D4 /* TOLooksCollectionView.swift */; };
		04309C1429733BF700A439D4 /* TOLooksPreviewViewController.swift in Sources */ = {isa = PBXBuildFile; fileRef = 04309C1329733BF700A439D4 /* TOLooksPreviewViewController.swift */; };
		04309C1629733C8200A439D4 /* TOLookImageModel.swift in Sources */ = {isa = PBXBuildFile; fileRef = 04309C1529733C8200A439D4 /* TOLookImageModel.swift */; };
		043FDD432989849C000A4C2D /* Wear.swift in Sources */ = {isa = PBXBuildFile; fileRef = 043FDD422989849C000A4C2D /* Wear.swift */; };
		0443944629799D2600FAFD09 /* MOSeasonsViewController.swift in Sources */ = {isa = PBXBuildFile; fileRef = 0443944529799D2600FAFD09 /* MOSeasonsViewController.swift */; };
		0443944829799DBB00FAFD09 /* COBuilder.swift in Sources */ = {isa = PBXBuildFile; fileRef = 0443944729799DBB00FAFD09 /* COBuilder.swift */; };
		0443944A29799DDA00FAFD09 /* TOBuilder.swift in Sources */ = {isa = PBXBuildFile; fileRef = 0443944929799DDA00FAFD09 /* TOBuilder.swift */; };
		0443944C29799DEE00FAFD09 /* AIBuilder.swift in Sources */ = {isa = PBXBuildFile; fileRef = 0443944B29799DEE00FAFD09 /* AIBuilder.swift */; };
		0443944E2979A74E00FAFD09 /* MOBuilder.swift in Sources */ = {isa = PBXBuildFile; fileRef = 0443944D2979A74E00FAFD09 /* MOBuilder.swift */; };
		044394502979A7D500FAFD09 /* MOCoordinator.swift in Sources */ = {isa = PBXBuildFile; fileRef = 0443944F2979A7D500FAFD09 /* MOCoordinator.swift */; };
		044394542979AED700FAFD09 /* MOLooksViewController.swift in Sources */ = {isa = PBXBuildFile; fileRef = 044394532979AED700FAFD09 /* MOLooksViewController.swift */; };
		044394572979B25400FAFD09 /* MOPreviewViewController.swift in Sources */ = {isa = PBXBuildFile; fileRef = 044394562979B25400FAFD09 /* MOPreviewViewController.swift */; };
		0443945A297B2D0F00FAFD09 /* ELViewController.swift in Sources */ = {isa = PBXBuildFile; fileRef = 04439459297B2D0F00FAFD09 /* ELViewController.swift */; };
		0443945C297B2D2000FAFD09 /* ELBuilder.swift in Sources */ = {isa = PBXBuildFile; fileRef = 0443945B297B2D2000FAFD09 /* ELBuilder.swift */; };
		0443945E297B2D7500FAFD09 /* ELCoordinator.swift in Sources */ = {isa = PBXBuildFile; fileRef = 0443945D297B2D7500FAFD09 /* ELCoordinator.swift */; };
		04439463297B302B00FAFD09 /* ELPreviewViewController.swift in Sources */ = {isa = PBXBuildFile; fileRef = 04439462297B302B00FAFD09 /* ELPreviewViewController.swift */; };
		04439466297B310000FAFD09 /* ELAddItemsViewController.swift in Sources */ = {isa = PBXBuildFile; fileRef = 04439465297B310000FAFD09 /* ELAddItemsViewController.swift */; };
		04439469297B31C100FAFD09 /* ELOutwearViewController.swift in Sources */ = {isa = PBXBuildFile; fileRef = 04439468297B31C100FAFD09 /* ELOutwearViewController.swift */; };
		0455BDE52993C80200FBBD40 /* Outfit.swift in Sources */ = {isa = PBXBuildFile; fileRef = 0455BDE42993C80200FBBD40 /* Outfit.swift */; };
		0455BDF92999117F00FBBD40 /* Extensions.swift in Sources */ = {isa = PBXBuildFile; fileRef = 0455BDF82999117F00FBBD40 /* Extensions.swift */; };
		0455BE01299A831000FBBD40 /* ELAccessoryCategoriesViewController.swift in Sources */ = {isa = PBXBuildFile; fileRef = 0455BE00299A830F00FBBD40 /* ELAccessoryCategoriesViewController.swift */; };
		0455BE04299A862700FBBD40 /* ELAccessoryViewController.swift in Sources */ = {isa = PBXBuildFile; fileRef = 0455BE03299A862700FBBD40 /* ELAccessoryViewController.swift */; };
		0455BE06299A871200FBBD40 /* AccessoryCollectionView.swift in Sources */ = {isa = PBXBuildFile; fileRef = 0455BE05299A871200FBBD40 /* AccessoryCollectionView.swift */; };
		0455BE08299A8AEF00FBBD40 /* AccessoryCollectionViewCell.swift in Sources */ = {isa = PBXBuildFile; fileRef = 0455BE07299A8AEF00FBBD40 /* AccessoryCollectionViewCell.swift */; };
		0455BE2029A11BFA00FBBD40 /* Poppins-Regular.ttf in Resources */ = {isa = PBXBuildFile; fileRef = 0455BE1F29A11BFA00FBBD40 /* Poppins-Regular.ttf */; };
		04980075297B358600069BEA /* ItemsCollectionView.swift in Sources */ = {isa = PBXBuildFile; fileRef = 04980074297B358600069BEA /* ItemsCollectionView.swift */; };
		04980077297B35BD00069BEA /* ItemsCollectionViewLayout.swift in Sources */ = {isa = PBXBuildFile; fileRef = 04980076297B35BD00069BEA /* ItemsCollectionViewLayout.swift */; };
		0498009D297DD38400069BEA /* DeepLabV3.mlmodel in Sources */ = {isa = PBXBuildFile; fileRef = 0498009C297DD38300069BEA /* DeepLabV3.mlmodel */; };
		0498009F297DD3B600069BEA /* UIImage magic.swift in Sources */ = {isa = PBXBuildFile; fileRef = 0498009E297DD3B600069BEA /* UIImage magic.swift */; };
		049800B2297DD74A00069BEA /* Array+Extensions.swift in Sources */ = {isa = PBXBuildFile; fileRef = 049800A1297DD74A00069BEA /* Array+Extensions.swift */; };
		049800B3297DD74A00069BEA /* Math.swift in Sources */ = {isa = PBXBuildFile; fileRef = 049800A2297DD74A00069BEA /* Math.swift */; };
		049800B4297DD74A00069BEA /* UIImage+CVPixelBuffer.swift in Sources */ = {isa = PBXBuildFile; fileRef = 049800A3297DD74A00069BEA /* UIImage+CVPixelBuffer.swift */; };
		049800B5297DD74A00069BEA /* Predictions.swift in Sources */ = {isa = PBXBuildFile; fileRef = 049800A4297DD74A00069BEA /* Predictions.swift */; };
		049800B6297DD74A00069BEA /* UIImage+Extensions.swift in Sources */ = {isa = PBXBuildFile; fileRef = 049800A5297DD74A00069BEA /* UIImage+Extensions.swift */; };
		049800B7297DD74A00069BEA /* CGImagePropertyOrientation.swift in Sources */ = {isa = PBXBuildFile; fileRef = 049800A6297DD74A00069BEA /* CGImagePropertyOrientation.swift */; };
		049800B8297DD74A00069BEA /* UIImage+RawBytes.swift in Sources */ = {isa = PBXBuildFile; fileRef = 049800A7297DD74A00069BEA /* UIImage+RawBytes.swift */; };
		049800B9297DD74A00069BEA /* MLMultiArray+Helpers.swift in Sources */ = {isa = PBXBuildFile; fileRef = 049800A8297DD74A00069BEA /* MLMultiArray+Helpers.swift */; };
		049800BA297DD74A00069BEA /* MLModel+Images.swift in Sources */ = {isa = PBXBuildFile; fileRef = 049800A9297DD74A00069BEA /* MLModel+Images.swift */; };
		049800BB297DD74A00069BEA /* CoreML+Combine.swift in Sources */ = {isa = PBXBuildFile; fileRef = 049800AA297DD74A00069BEA /* CoreML+Combine.swift */; };
		049800BC297DD74A00069BEA /* CVPixelBuffer+Create.swift in Sources */ = {isa = PBXBuildFile; fileRef = 049800AB297DD74A00069BEA /* CVPixelBuffer+Create.swift */; };
		049800BD297DD74A00069BEA /* CGImage+CVPixelBuffer.swift in Sources */ = {isa = PBXBuildFile; fileRef = 049800AC297DD74A00069BEA /* CGImage+CVPixelBuffer.swift */; };
		049800BE297DD74A00069BEA /* NonMaxSuppression.swift in Sources */ = {isa = PBXBuildFile; fileRef = 049800AD297DD74A00069BEA /* NonMaxSuppression.swift */; };
		049800BF297DD74A00069BEA /* CGImage+RawBytes.swift in Sources */ = {isa = PBXBuildFile; fileRef = 049800AE297DD74A00069BEA /* CGImage+RawBytes.swift */; };
		049800C0297DD74A00069BEA /* MLMultiArray+Image.swift in Sources */ = {isa = PBXBuildFile; fileRef = 049800AF297DD74A00069BEA /* MLMultiArray+Image.swift */; };
		049800C1297DD74A00069BEA /* CVPixelBuffer+Resize.swift in Sources */ = {isa = PBXBuildFile; fileRef = 049800B0297DD74A00069BEA /* CVPixelBuffer+Resize.swift */; };
		049800C2297DD74A00069BEA /* CVPixelBuffer+Rotate.swift in Sources */ = {isa = PBXBuildFile; fileRef = 049800B1297DD74A00069BEA /* CVPixelBuffer+Rotate.swift */; };
		04C9C3A5296C6C20005C7003 /* Icons.swift in Sources */ = {isa = PBXBuildFile; fileRef = 04C9C3A4296C6C20005C7003 /* Icons.swift */; };
		04C9C3A8296C7487005C7003 /* AIPreviewViewController.swift in Sources */ = {isa = PBXBuildFile; fileRef = 04C9C3A7296C7487005C7003 /* AIPreviewViewController.swift */; };
		04C9C3AA296C7E0C005C7003 /* ViewController.swift in Sources */ = {isa = PBXBuildFile; fileRef = 04C9C3A9296C7E0C005C7003 /* ViewController.swift */; };
		04C9C3B0296C8460005C7003 /* AICategoryViewController.swift in Sources */ = {isa = PBXBuildFile; fileRef = 04C9C3AF296C8460005C7003 /* AICategoryViewController.swift */; };
		04C9C3B2296C849A005C7003 /* CategoryCollectionView.swift in Sources */ = {isa = PBXBuildFile; fileRef = 04C9C3B1296C849A005C7003 /* CategoryCollectionView.swift */; };
		04C9C3BB296DE856005C7003 /* AISubcategoryViewController.swift in Sources */ = {isa = PBXBuildFile; fileRef = 04C9C3BA296DE856005C7003 /* AISubcategoryViewController.swift */; };
		04C9C3BD296DE91E005C7003 /* AIAccessoryViewController.swift in Sources */ = {isa = PBXBuildFile; fileRef = 04C9C3BC296DE91E005C7003 /* AIAccessoryViewController.swift */; };
		04C9C3C0296DE9EB005C7003 /* AISeasonViewController.swift in Sources */ = {isa = PBXBuildFile; fileRef = 04C9C3BF296DE9EB005C7003 /* AISeasonViewController.swift */; };
		04C9C3C3296DEA7D005C7003 /* SuccessViewController.swift in Sources */ = {isa = PBXBuildFile; fileRef = 04C9C3C2296DEA7D005C7003 /* SuccessViewController.swift */; };
		04C9C3D7296F0F68005C7003 /* TOSeasonsViewController.swift in Sources */ = {isa = PBXBuildFile; fileRef = 04C9C3D6296F0F68005C7003 /* TOSeasonsViewController.swift */; };
		04C9C3DA296F12C2005C7003 /* OopsViewController.swift in Sources */ = {isa = PBXBuildFile; fileRef = 04C9C3D9296F12C2005C7003 /* OopsViewController.swift */; };
		04C9C3DC296F12F1005C7003 /* TOLooksViewController.swift in Sources */ = {isa = PBXBuildFile; fileRef = 04C9C3DB296F12F1005C7003 /* TOLooksViewController.swift */; };
		04C9C3DE296F131D005C7003 /* TOPreviewViewController.swift in Sources */ = {isa = PBXBuildFile; fileRef = 04C9C3DD296F131D005C7003 /* TOPreviewViewController.swift */; };
		04C9C3E4296F2FFC005C7003 /* Season.swift in Sources */ = {isa = PBXBuildFile; fileRef = 04C9C3E3296F2FFC005C7003 /* Season.swift */; };
		04C9C3E8296F30CD005C7003 /* TOLooksCollectionViewCell.swift in Sources */ = {isa = PBXBuildFile; fileRef = 04C9C3E7296F30CD005C7003 /* TOLooksCollectionViewCell.swift */; };
		04D480AA29741CDF00A961EE /* COSeasonViewController.swift in Sources */ = {isa = PBXBuildFile; fileRef = 04D480A929741CDF00A961EE /* COSeasonViewController.swift */; };
		04D480AE2974229C00A961EE /* COItemsViewController.swift in Sources */ = {isa = PBXBuildFile; fileRef = 04D480AD2974229C00A961EE /* COItemsViewController.swift */; };
		04D480B2297447C800A961EE /* AICoordinator.swift in Sources */ = {isa = PBXBuildFile; fileRef = 04D480B1297447C800A961EE /* AICoordinator.swift */; };
		04D480B4297447F200A961EE /* TOCoordinator.swift in Sources */ = {isa = PBXBuildFile; fileRef = 04D480B3297447F200A961EE /* TOCoordinator.swift */; };
		04D480B6297447FE00A961EE /* COCoordinator.swift in Sources */ = {isa = PBXBuildFile; fileRef = 04D480B5297447FE00A961EE /* COCoordinator.swift */; };
		04D480B9297449C200A961EE /* COPreviewViewController.swift in Sources */ = {isa = PBXBuildFile; fileRef = 04D480B8297449C200A961EE /* COPreviewViewController.swift */; };
		04DD59B529917EA3000D6CC4 /* DataManager.swift in Sources */ = {isa = PBXBuildFile; fileRef = 04DD59B429917EA3000D6CC4 /* DataManager.swift */; };
		04E6B81B296C539C00E50AA8 /* AppDelegate.swift in Sources */ = {isa = PBXBuildFile; fileRef = 04E6B81A296C539C00E50AA8 /* AppDelegate.swift */; };
		04E6B81D296C539C00E50AA8 /* SceneDelegate.swift in Sources */ = {isa = PBXBuildFile; fileRef = 04E6B81C296C539C00E50AA8 /* SceneDelegate.swift */; };
		04E6B81F296C539C00E50AA8 /* MainViewController.swift in Sources */ = {isa = PBXBuildFile; fileRef = 04E6B81E296C539C00E50AA8 /* MainViewController.swift */; };
		04E6B824296C539F00E50AA8 /* Assets.xcassets in Resources */ = {isa = PBXBuildFile; fileRef = 04E6B823296C539F00E50AA8 /* Assets.xcassets */; };
		04E6B827296C539F00E50AA8 /* LaunchScreen.storyboard in Resources */ = {isa = PBXBuildFile; fileRef = 04E6B825296C539F00E50AA8 /* LaunchScreen.storyboard */; };
		04E6B831296C540800E50AA8 /* Coordinator.swift in Sources */ = {isa = PBXBuildFile; fileRef = 04E6B830296C540800E50AA8 /* Coordinator.swift */; };
		04E6B833296C542D00E50AA8 /* Builder.swift in Sources */ = {isa = PBXBuildFile; fileRef = 04E6B832296C542D00E50AA8 /* Builder.swift */; };
		04E6B836296C593600E50AA8 /* MainHeaderView.swift in Sources */ = {isa = PBXBuildFile; fileRef = 04E6B835296C593600E50AA8 /* MainHeaderView.swift */; };
		C5C71145F7B97D9DDB716613 /* Pods_CheckRoom.framework in Frameworks */ = {isa = PBXBuildFile; fileRef = 1FD9EC2EF88FBD0892BEA7EA /* Pods_CheckRoom.framework */; };
/* End PBXBuildFile section */

/* Begin PBXFileReference section */
		04309BE9296F353400A439D4 /* TOLooksCollectionView.swift */ = {isa = PBXFileReference; lastKnownFileType = sourcecode.swift; path = TOLooksCollectionView.swift; sourceTree = "<group>"; };
		04309C1329733BF700A439D4 /* TOLooksPreviewViewController.swift */ = {isa = PBXFileReference; lastKnownFileType = sourcecode.swift; path = TOLooksPreviewViewController.swift; sourceTree = "<group>"; };
		04309C1529733C8200A439D4 /* TOLookImageModel.swift */ = {isa = PBXFileReference; lastKnownFileType = sourcecode.swift; path = TOLookImageModel.swift; sourceTree = "<group>"; };
		043FDD422989849C000A4C2D /* Wear.swift */ = {isa = PBXFileReference; lastKnownFileType = sourcecode.swift; path = Wear.swift; sourceTree = "<group>"; };
		0443944529799D2600FAFD09 /* MOSeasonsViewController.swift */ = {isa = PBXFileReference; lastKnownFileType = sourcecode.swift; path = MOSeasonsViewController.swift; sourceTree = "<group>"; };
		0443944729799DBB00FAFD09 /* COBuilder.swift */ = {isa = PBXFileReference; lastKnownFileType = sourcecode.swift; path = COBuilder.swift; sourceTree = "<group>"; };
		0443944929799DDA00FAFD09 /* TOBuilder.swift */ = {isa = PBXFileReference; lastKnownFileType = sourcecode.swift; path = TOBuilder.swift; sourceTree = "<group>"; };
		0443944B29799DEE00FAFD09 /* AIBuilder.swift */ = {isa = PBXFileReference; lastKnownFileType = sourcecode.swift; path = AIBuilder.swift; sourceTree = "<group>"; };
		0443944D2979A74E00FAFD09 /* MOBuilder.swift */ = {isa = PBXFileReference; lastKnownFileType = sourcecode.swift; path = MOBuilder.swift; sourceTree = "<group>"; };
		0443944F2979A7D500FAFD09 /* MOCoordinator.swift */ = {isa = PBXFileReference; lastKnownFileType = sourcecode.swift; path = MOCoordinator.swift; sourceTree = "<group>"; };
		044394532979AED700FAFD09 /* MOLooksViewController.swift */ = {isa = PBXFileReference; lastKnownFileType = sourcecode.swift; path = MOLooksViewController.swift; sourceTree = "<group>"; };
		044394562979B25400FAFD09 /* MOPreviewViewController.swift */ = {isa = PBXFileReference; lastKnownFileType = sourcecode.swift; path = MOPreviewViewController.swift; sourceTree = "<group>"; };
		04439459297B2D0F00FAFD09 /* ELViewController.swift */ = {isa = PBXFileReference; lastKnownFileType = sourcecode.swift; path = ELViewController.swift; sourceTree = "<group>"; };
		0443945B297B2D2000FAFD09 /* ELBuilder.swift */ = {isa = PBXFileReference; lastKnownFileType = sourcecode.swift; path = ELBuilder.swift; sourceTree = "<group>"; };
		0443945D297B2D7500FAFD09 /* ELCoordinator.swift */ = {isa = PBXFileReference; lastKnownFileType = sourcecode.swift; path = ELCoordinator.swift; sourceTree = "<group>"; };
		04439462297B302B00FAFD09 /* ELPreviewViewController.swift */ = {isa = PBXFileReference; lastKnownFileType = sourcecode.swift; path = ELPreviewViewController.swift; sourceTree = "<group>"; };
		04439465297B310000FAFD09 /* ELAddItemsViewController.swift */ = {isa = PBXFileReference; lastKnownFileType = sourcecode.swift; path = ELAddItemsViewController.swift; sourceTree = "<group>"; };
		04439468297B31C100FAFD09 /* ELOutwearViewController.swift */ = {isa = PBXFileReference; lastKnownFileType = sourcecode.swift; path = ELOutwearViewController.swift; sourceTree = "<group>"; };
		0455BDE42993C80200FBBD40 /* Outfit.swift */ = {isa = PBXFileReference; lastKnownFileType = sourcecode.swift; path = Outfit.swift; sourceTree = "<group>"; };
		0455BDF82999117F00FBBD40 /* Extensions.swift */ = {isa = PBXFileReference; lastKnownFileType = sourcecode.swift; path = Extensions.swift; sourceTree = "<group>"; };
		0455BE00299A830F00FBBD40 /* ELAccessoryCategoriesViewController.swift */ = {isa = PBXFileReference; lastKnownFileType = sourcecode.swift; path = ELAccessoryCategoriesViewController.swift; sourceTree = "<group>"; };
		0455BE03299A862700FBBD40 /* ELAccessoryViewController.swift */ = {isa = PBXFileReference; lastKnownFileType = sourcecode.swift; path = ELAccessoryViewController.swift; sourceTree = "<group>"; };
		0455BE05299A871200FBBD40 /* AccessoryCollectionView.swift */ = {isa = PBXFileReference; lastKnownFileType = sourcecode.swift; path = AccessoryCollectionView.swift; sourceTree = "<group>"; };
		0455BE07299A8AEF00FBBD40 /* AccessoryCollectionViewCell.swift */ = {isa = PBXFileReference; lastKnownFileType = sourcecode.swift; path = AccessoryCollectionViewCell.swift; sourceTree = "<group>"; };
		0455BE1F29A11BFA00FBBD40 /* Poppins-Regular.ttf */ = {isa = PBXFileReference; lastKnownFileType = file; path = "Poppins-Regular.ttf"; sourceTree = "<group>"; };
		04980074297B358600069BEA /* ItemsCollectionView.swift */ = {isa = PBXFileReference; lastKnownFileType = sourcecode.swift; path = ItemsCollectionView.swift; sourceTree = "<group>"; };
		04980076297B35BD00069BEA /* ItemsCollectionViewLayout.swift */ = {isa = PBXFileReference; lastKnownFileType = sourcecode.swift; path = ItemsCollectionViewLayout.swift; sourceTree = "<group>"; };
		0498009C297DD38300069BEA /* DeepLabV3.mlmodel */ = {isa = PBXFileReference; lastKnownFileType = file.mlmodel; path = DeepLabV3.mlmodel; sourceTree = "<group>"; };
		0498009E297DD3B600069BEA /* UIImage magic.swift */ = {isa = PBXFileReference; lastKnownFileType = sourcecode.swift; path = "UIImage magic.swift"; sourceTree = "<group>"; };
		049800A1297DD74A00069BEA /* Array+Extensions.swift */ = {isa = PBXFileReference; fileEncoding = 4; lastKnownFileType = sourcecode.swift; path = "Array+Extensions.swift"; sourceTree = "<group>"; };
		049800A2297DD74A00069BEA /* Math.swift */ = {isa = PBXFileReference; fileEncoding = 4; lastKnownFileType = sourcecode.swift; path = Math.swift; sourceTree = "<group>"; };
		049800A3297DD74A00069BEA /* UIImage+CVPixelBuffer.swift */ = {isa = PBXFileReference; fileEncoding = 4; lastKnownFileType = sourcecode.swift; path = "UIImage+CVPixelBuffer.swift"; sourceTree = "<group>"; };
		049800A4297DD74A00069BEA /* Predictions.swift */ = {isa = PBXFileReference; fileEncoding = 4; lastKnownFileType = sourcecode.swift; path = Predictions.swift; sourceTree = "<group>"; };
		049800A5297DD74A00069BEA /* UIImage+Extensions.swift */ = {isa = PBXFileReference; fileEncoding = 4; lastKnownFileType = sourcecode.swift; path = "UIImage+Extensions.swift"; sourceTree = "<group>"; };
		049800A6297DD74A00069BEA /* CGImagePropertyOrientation.swift */ = {isa = PBXFileReference; fileEncoding = 4; lastKnownFileType = sourcecode.swift; path = CGImagePropertyOrientation.swift; sourceTree = "<group>"; };
		049800A7297DD74A00069BEA /* UIImage+RawBytes.swift */ = {isa = PBXFileReference; fileEncoding = 4; lastKnownFileType = sourcecode.swift; path = "UIImage+RawBytes.swift"; sourceTree = "<group>"; };
		049800A8297DD74A00069BEA /* MLMultiArray+Helpers.swift */ = {isa = PBXFileReference; fileEncoding = 4; lastKnownFileType = sourcecode.swift; path = "MLMultiArray+Helpers.swift"; sourceTree = "<group>"; };
		049800A9297DD74A00069BEA /* MLModel+Images.swift */ = {isa = PBXFileReference; fileEncoding = 4; lastKnownFileType = sourcecode.swift; path = "MLModel+Images.swift"; sourceTree = "<group>"; };
		049800AA297DD74A00069BEA /* CoreML+Combine.swift */ = {isa = PBXFileReference; fileEncoding = 4; lastKnownFileType = sourcecode.swift; path = "CoreML+Combine.swift"; sourceTree = "<group>"; };
		049800AB297DD74A00069BEA /* CVPixelBuffer+Create.swift */ = {isa = PBXFileReference; fileEncoding = 4; lastKnownFileType = sourcecode.swift; path = "CVPixelBuffer+Create.swift"; sourceTree = "<group>"; };
		049800AC297DD74A00069BEA /* CGImage+CVPixelBuffer.swift */ = {isa = PBXFileReference; fileEncoding = 4; lastKnownFileType = sourcecode.swift; path = "CGImage+CVPixelBuffer.swift"; sourceTree = "<group>"; };
		049800AD297DD74A00069BEA /* NonMaxSuppression.swift */ = {isa = PBXFileReference; fileEncoding = 4; lastKnownFileType = sourcecode.swift; path = NonMaxSuppression.swift; sourceTree = "<group>"; };
		049800AE297DD74A00069BEA /* CGImage+RawBytes.swift */ = {isa = PBXFileReference; fileEncoding = 4; lastKnownFileType = sourcecode.swift; path = "CGImage+RawBytes.swift"; sourceTree = "<group>"; };
		049800AF297DD74A00069BEA /* MLMultiArray+Image.swift */ = {isa = PBXFileReference; fileEncoding = 4; lastKnownFileType = sourcecode.swift; path = "MLMultiArray+Image.swift"; sourceTree = "<group>"; };
		049800B0297DD74A00069BEA /* CVPixelBuffer+Resize.swift */ = {isa = PBXFileReference; fileEncoding = 4; lastKnownFileType = sourcecode.swift; path = "CVPixelBuffer+Resize.swift"; sourceTree = "<group>"; };
		049800B1297DD74A00069BEA /* CVPixelBuffer+Rotate.swift */ = {isa = PBXFileReference; fileEncoding = 4; lastKnownFileType = sourcecode.swift; path = "CVPixelBuffer+Rotate.swift"; sourceTree = "<group>"; };
		04C9C3A4296C6C20005C7003 /* Icons.swift */ = {isa = PBXFileReference; lastKnownFileType = sourcecode.swift; path = Icons.swift; sourceTree = "<group>"; };
		04C9C3A7296C7487005C7003 /* AIPreviewViewController.swift */ = {isa = PBXFileReference; lastKnownFileType = sourcecode.swift; path = AIPreviewViewController.swift; sourceTree = "<group>"; };
		04C9C3A9296C7E0C005C7003 /* ViewController.swift */ = {isa = PBXFileReference; lastKnownFileType = sourcecode.swift; path = ViewController.swift; sourceTree = "<group>"; };
		04C9C3AF296C8460005C7003 /* AICategoryViewController.swift */ = {isa = PBXFileReference; lastKnownFileType = sourcecode.swift; path = AICategoryViewController.swift; sourceTree = "<group>"; };
		04C9C3B1296C849A005C7003 /* CategoryCollectionView.swift */ = {isa = PBXFileReference; lastKnownFileType = sourcecode.swift; path = CategoryCollectionView.swift; sourceTree = "<group>"; };
		04C9C3BA296DE856005C7003 /* AISubcategoryViewController.swift */ = {isa = PBXFileReference; lastKnownFileType = sourcecode.swift; path = AISubcategoryViewController.swift; sourceTree = "<group>"; };
		04C9C3BC296DE91E005C7003 /* AIAccessoryViewController.swift */ = {isa = PBXFileReference; lastKnownFileType = sourcecode.swift; path = AIAccessoryViewController.swift; sourceTree = "<group>"; };
		04C9C3BF296DE9EB005C7003 /* AISeasonViewController.swift */ = {isa = PBXFileReference; lastKnownFileType = sourcecode.swift; path = AISeasonViewController.swift; sourceTree = "<group>"; };
		04C9C3C2296DEA7D005C7003 /* SuccessViewController.swift */ = {isa = PBXFileReference; lastKnownFileType = sourcecode.swift; path = SuccessViewController.swift; sourceTree = "<group>"; };
		04C9C3D6296F0F68005C7003 /* TOSeasonsViewController.swift */ = {isa = PBXFileReference; lastKnownFileType = sourcecode.swift; path = TOSeasonsViewController.swift; sourceTree = "<group>"; };
		04C9C3D9296F12C2005C7003 /* OopsViewController.swift */ = {isa = PBXFileReference; lastKnownFileType = sourcecode.swift; path = OopsViewController.swift; sourceTree = "<group>"; };
		04C9C3DB296F12F1005C7003 /* TOLooksViewController.swift */ = {isa = PBXFileReference; lastKnownFileType = sourcecode.swift; path = TOLooksViewController.swift; sourceTree = "<group>"; };
		04C9C3DD296F131D005C7003 /* TOPreviewViewController.swift */ = {isa = PBXFileReference; lastKnownFileType = sourcecode.swift; path = TOPreviewViewController.swift; sourceTree = "<group>"; };
		04C9C3E3296F2FFC005C7003 /* Season.swift */ = {isa = PBXFileReference; lastKnownFileType = sourcecode.swift; path = Season.swift; sourceTree = "<group>"; };
		04C9C3E7296F30CD005C7003 /* TOLooksCollectionViewCell.swift */ = {isa = PBXFileReference; lastKnownFileType = sourcecode.swift; path = TOLooksCollectionViewCell.swift; sourceTree = "<group>"; };
		04D480A929741CDF00A961EE /* COSeasonViewController.swift */ = {isa = PBXFileReference; lastKnownFileType = sourcecode.swift; path = COSeasonViewController.swift; sourceTree = "<group>"; };
		04D480AD2974229C00A961EE /* COItemsViewController.swift */ = {isa = PBXFileReference; lastKnownFileType = sourcecode.swift; path = COItemsViewController.swift; sourceTree = "<group>"; };
		04D480B1297447C800A961EE /* AICoordinator.swift */ = {isa = PBXFileReference; lastKnownFileType = sourcecode.swift; path = AICoordinator.swift; sourceTree = "<group>"; };
		04D480B3297447F200A961EE /* TOCoordinator.swift */ = {isa = PBXFileReference; lastKnownFileType = sourcecode.swift; path = TOCoordinator.swift; sourceTree = "<group>"; };
		04D480B5297447FE00A961EE /* COCoordinator.swift */ = {isa = PBXFileReference; lastKnownFileType = sourcecode.swift; path = COCoordinator.swift; sourceTree = "<group>"; };
		04D480B8297449C200A961EE /* COPreviewViewController.swift */ = {isa = PBXFileReference; lastKnownFileType = sourcecode.swift; path = COPreviewViewController.swift; sourceTree = "<group>"; };
		04DD59B429917EA3000D6CC4 /* DataManager.swift */ = {isa = PBXFileReference; lastKnownFileType = sourcecode.swift; path = DataManager.swift; sourceTree = "<group>"; };
		04E6B817296C539C00E50AA8 /* CheckRoom.app */ = {isa = PBXFileReference; explicitFileType = wrapper.application; includeInIndex = 0; path = CheckRoom.app; sourceTree = BUILT_PRODUCTS_DIR; };
		04E6B81A296C539C00E50AA8 /* AppDelegate.swift */ = {isa = PBXFileReference; lastKnownFileType = sourcecode.swift; path = AppDelegate.swift; sourceTree = "<group>"; };
		04E6B81C296C539C00E50AA8 /* SceneDelegate.swift */ = {isa = PBXFileReference; lastKnownFileType = sourcecode.swift; path = SceneDelegate.swift; sourceTree = "<group>"; };
		04E6B81E296C539C00E50AA8 /* MainViewController.swift */ = {isa = PBXFileReference; lastKnownFileType = sourcecode.swift; path = MainViewController.swift; sourceTree = "<group>"; };
		04E6B823296C539F00E50AA8 /* Assets.xcassets */ = {isa = PBXFileReference; lastKnownFileType = folder.assetcatalog; path = Assets.xcassets; sourceTree = "<group>"; };
		04E6B826296C539F00E50AA8 /* Base */ = {isa = PBXFileReference; lastKnownFileType = file.storyboard; name = Base; path = Base.lproj/LaunchScreen.storyboard; sourceTree = "<group>"; };
		04E6B828296C539F00E50AA8 /* Info.plist */ = {isa = PBXFileReference; lastKnownFileType = text.plist.xml; path = Info.plist; sourceTree = "<group>"; };
		04E6B830296C540800E50AA8 /* Coordinator.swift */ = {isa = PBXFileReference; lastKnownFileType = sourcecode.swift; path = Coordinator.swift; sourceTree = "<group>"; };
		04E6B832296C542D00E50AA8 /* Builder.swift */ = {isa = PBXFileReference; lastKnownFileType = sourcecode.swift; path = Builder.swift; sourceTree = "<group>"; };
		04E6B835296C593600E50AA8 /* MainHeaderView.swift */ = {isa = PBXFileReference; lastKnownFileType = sourcecode.swift; path = MainHeaderView.swift; sourceTree = "<group>"; };
		0CDA6F6138B1636F0E07EC9C /* Pods-CheckRoom.debug.xcconfig */ = {isa = PBXFileReference; includeInIndex = 1; lastKnownFileType = text.xcconfig; name = "Pods-CheckRoom.debug.xcconfig"; path = "Target Support Files/Pods-CheckRoom/Pods-CheckRoom.debug.xcconfig"; sourceTree = "<group>"; };
		1FD9EC2EF88FBD0892BEA7EA /* Pods_CheckRoom.framework */ = {isa = PBXFileReference; explicitFileType = wrapper.framework; includeInIndex = 0; path = Pods_CheckRoom.framework; sourceTree = BUILT_PRODUCTS_DIR; };
		28113621E48CA69EFE59D32C /* Pods-CheckRoom.release.xcconfig */ = {isa = PBXFileReference; includeInIndex = 1; lastKnownFileType = text.xcconfig; name = "Pods-CheckRoom.release.xcconfig"; path = "Target Support Files/Pods-CheckRoom/Pods-CheckRoom.release.xcconfig"; sourceTree = "<group>"; };
/* End PBXFileReference section */

/* Begin PBXFrameworksBuildPhase section */
		04E6B814296C539C00E50AA8 /* Frameworks */ = {
			isa = PBXFrameworksBuildPhase;
			buildActionMask = 2147483647;
			files = (
				C5C71145F7B97D9DDB716613 /* Pods_CheckRoom.framework in Frameworks */,
			);
			runOnlyForDeploymentPostprocessing = 0;
		};
/* End PBXFrameworksBuildPhase section */

/* Begin PBXGroup section */
		04309C1729733C8700A439D4 /* Model */ = {
			isa = PBXGroup;
			children = (
				04309C1529733C8200A439D4 /* TOLookImageModel.swift */,
			);
			path = Model;
			sourceTree = "<group>";
		};
		04309C1829733C9100A439D4 /* View */ = {
			isa = PBXGroup;
			children = (
				04C9C3DB296F12F1005C7003 /* TOLooksViewController.swift */,
				04309BE9296F353400A439D4 /* TOLooksCollectionView.swift */,
				04C9C3E7296F30CD005C7003 /* TOLooksCollectionViewCell.swift */,
				04309C1929733D5100A439D4 /* Preview */,
			);
			path = View;
			sourceTree = "<group>";
		};
		04309C1929733D5100A439D4 /* Preview */ = {
			isa = PBXGroup;
			children = (
				04309C1329733BF700A439D4 /* TOLooksPreviewViewController.swift */,
			);
			path = Preview;
			sourceTree = "<group>";
		};
		04309C1A29734F1F00A439D4 /* Preview */ = {
			isa = PBXGroup;
			children = (
				04C9C3DD296F131D005C7003 /* TOPreviewViewController.swift */,
			);
			path = Preview;
			sourceTree = "<group>";
		};
		04309C1B2973506300A439D4 /* View */ = {
			isa = PBXGroup;
			children = (
				04E6B81E296C539C00E50AA8 /* MainViewController.swift */,
				04E6B835296C593600E50AA8 /* MainHeaderView.swift */,
			);
			path = View;
			sourceTree = "<group>";
		};
		0443944429799CFC00FAFD09 /* My outfits */ = {
			isa = PBXGroup;
			children = (
				044394522979AEC500FAFD09 /* Looks */,
				044394552979B23600FAFD09 /* Preview */,
				044394512979A8B900FAFD09 /* Seasons */,
			);
			path = "My outfits";
			sourceTree = "<group>";
		};
		044394512979A8B900FAFD09 /* Seasons */ = {
			isa = PBXGroup;
			children = (
				0443944529799D2600FAFD09 /* MOSeasonsViewController.swift */,
			);
			path = Seasons;
			sourceTree = "<group>";
		};
		044394522979AEC500FAFD09 /* Looks */ = {
			isa = PBXGroup;
			children = (
				044394532979AED700FAFD09 /* MOLooksViewController.swift */,
			);
			path = Looks;
			sourceTree = "<group>";
		};
		044394552979B23600FAFD09 /* Preview */ = {
			isa = PBXGroup;
			children = (
				044394562979B25400FAFD09 /* MOPreviewViewController.swift */,
			);
			path = Preview;
			sourceTree = "<group>";
		};
		04439458297B2CFD00FAFD09 /* Edit look */ = {
			isa = PBXGroup;
			children = (
				04439460297B2FFA00FAFD09 /* Edit look */,
				04439461297B301100FAFD09 /* Preview */,
				04439464297B30EE00FAFD09 /* Add items */,
				04439467297B31AB00FAFD09 /* Outwear */,
				0455BDFD299A82D600FBBD40 /* Accessory Categories */,
				0455BE02299A860500FBBD40 /* Accessory */,
			);
			path = "Edit look";
			sourceTree = "<group>";
		};
		04439460297B2FFA00FAFD09 /* Edit look */ = {
			isa = PBXGroup;
			children = (
				04439459297B2D0F00FAFD09 /* ELViewController.swift */,
			);
			path = "Edit look";
			sourceTree = "<group>";
		};
		04439461297B301100FAFD09 /* Preview */ = {
			isa = PBXGroup;
			children = (
				04439462297B302B00FAFD09 /* ELPreviewViewController.swift */,
			);
			path = Preview;
			sourceTree = "<group>";
		};
		04439464297B30EE00FAFD09 /* Add items */ = {
			isa = PBXGroup;
			children = (
				04439465297B310000FAFD09 /* ELAddItemsViewController.swift */,
			);
			path = "Add items";
			sourceTree = "<group>";
		};
		04439467297B31AB00FAFD09 /* Outwear */ = {
			isa = PBXGroup;
			children = (
				04439468297B31C100FAFD09 /* ELOutwearViewController.swift */,
			);
			path = Outwear;
			sourceTree = "<group>";
		};
		0455BDFD299A82D600FBBD40 /* Accessory Categories */ = {
			isa = PBXGroup;
			children = (
				0455BE00299A830F00FBBD40 /* ELAccessoryCategoriesViewController.swift */,
			);
			path = "Accessory Categories";
			sourceTree = "<group>";
		};
		0455BE02299A860500FBBD40 /* Accessory */ = {
			isa = PBXGroup;
			children = (
				0455BE03299A862700FBBD40 /* ELAccessoryViewController.swift */,
				0455BE05299A871200FBBD40 /* AccessoryCollectionView.swift */,
				0455BE07299A8AEF00FBBD40 /* AccessoryCollectionViewCell.swift */,
			);
			path = Accessory;
			sourceTree = "<group>";
		};
		0455BE1D29A11BC700FBBD40 /* Resources */ = {
			isa = PBXGroup;
			children = (
				0455BE1E29A11BDF00FBBD40 /* Fonts */,
			);
			path = Resources;
			sourceTree = "<group>";
		};
		0455BE1E29A11BDF00FBBD40 /* Fonts */ = {
			isa = PBXGroup;
			children = (
				0455BE1F29A11BFA00FBBD40 /* Poppins-Regular.ttf */,
			);
			path = Fonts;
			sourceTree = "<group>";
		};
		04980073297B357500069BEA /* Items Collection View */ = {
			isa = PBXGroup;
			children = (
				04980074297B358600069BEA /* ItemsCollectionView.swift */,
				04980076297B35BD00069BEA /* ItemsCollectionViewLayout.swift */,
			);
			path = "Items Collection View";
			sourceTree = "<group>";
		};
		049800A0297DD74A00069BEA /* CoreMLHelpers */ = {
			isa = PBXGroup;
			children = (
				049800A1297DD74A00069BEA /* Array+Extensions.swift */,
				049800A2297DD74A00069BEA /* Math.swift */,
				049800A3297DD74A00069BEA /* UIImage+CVPixelBuffer.swift */,
				049800A4297DD74A00069BEA /* Predictions.swift */,
				049800A5297DD74A00069BEA /* UIImage+Extensions.swift */,
				049800A6297DD74A00069BEA /* CGImagePropertyOrientation.swift */,
				049800A7297DD74A00069BEA /* UIImage+RawBytes.swift */,
				049800A8297DD74A00069BEA /* MLMultiArray+Helpers.swift */,
				049800A9297DD74A00069BEA /* MLModel+Images.swift */,
				049800AA297DD74A00069BEA /* CoreML+Combine.swift */,
				049800AB297DD74A00069BEA /* CVPixelBuffer+Create.swift */,
				049800AC297DD74A00069BEA /* CGImage+CVPixelBuffer.swift */,
				049800AD297DD74A00069BEA /* NonMaxSuppression.swift */,
				049800AE297DD74A00069BEA /* CGImage+RawBytes.swift */,
				049800AF297DD74A00069BEA /* MLMultiArray+Image.swift */,
				049800B0297DD74A00069BEA /* CVPixelBuffer+Resize.swift */,
				049800B1297DD74A00069BEA /* CVPixelBuffer+Rotate.swift */,
			);
			path = CoreMLHelpers;
			sourceTree = "<group>";
		};
		04C9C3A6296C7471005C7003 /* Add item */ = {
			isa = PBXGroup;
			children = (
				04C9C3B1296C849A005C7003 /* CategoryCollectionView.swift */,
				04C9C3AB296C83DB005C7003 /* Preview */,
				04C9C3AC296C83E2005C7003 /* Category */,
				04C9C3AD296C8420005C7003 /* Subcategory */,
				04C9C3DF296F1394005C7003 /* Accessory */,
				04C9C3E0296F139E005C7003 /* Season */,
			);
			path = "Add item";
			sourceTree = "<group>";
		};
		04C9C3AB296C83DB005C7003 /* Preview */ = {
			isa = PBXGroup;
			children = (
				04C9C3A7296C7487005C7003 /* AIPreviewViewController.swift */,
			);
			path = Preview;
			sourceTree = "<group>";
		};
		04C9C3AC296C83E2005C7003 /* Category */ = {
			isa = PBXGroup;
			children = (
				04C9C3AF296C8460005C7003 /* AICategoryViewController.swift */,
			);
			path = Category;
			sourceTree = "<group>";
		};
		04C9C3AD296C8420005C7003 /* Subcategory */ = {
			isa = PBXGroup;
			children = (
				04C9C3BA296DE856005C7003 /* AISubcategoryViewController.swift */,
			);
			path = Subcategory;
			sourceTree = "<group>";
		};
		04C9C3C1296DEA6B005C7003 /* Success */ = {
			isa = PBXGroup;
			children = (
				04C9C3C2296DEA7D005C7003 /* SuccessViewController.swift */,
			);
			path = Success;
			sourceTree = "<group>";
		};
		04C9C3D5296F0E45005C7003 /* Tomorrow Outfit */ = {
			isa = PBXGroup;
			children = (
				04C9C3E1296F2FB6005C7003 /* Seasons */,
				04C9C3E2296F2FBC005C7003 /* Looks */,
				04309C1A29734F1F00A439D4 /* Preview */,
			);
			path = "Tomorrow Outfit";
			sourceTree = "<group>";
		};
		04C9C3D8296F12B2005C7003 /* Oops */ = {
			isa = PBXGroup;
			children = (
				04C9C3D9296F12C2005C7003 /* OopsViewController.swift */,
			);
			path = Oops;
			sourceTree = "<group>";
		};
		04C9C3DF296F1394005C7003 /* Accessory */ = {
			isa = PBXGroup;
			children = (
				04C9C3BC296DE91E005C7003 /* AIAccessoryViewController.swift */,
			);
			path = Accessory;
			sourceTree = "<group>";
		};
		04C9C3E0296F139E005C7003 /* Season */ = {
			isa = PBXGroup;
			children = (
				04C9C3BF296DE9EB005C7003 /* AISeasonViewController.swift */,
			);
			path = Season;
			sourceTree = "<group>";
		};
		04C9C3E1296F2FB6005C7003 /* Seasons */ = {
			isa = PBXGroup;
			children = (
				04C9C3D6296F0F68005C7003 /* TOSeasonsViewController.swift */,
			);
			path = Seasons;
			sourceTree = "<group>";
		};
		04C9C3E2296F2FBC005C7003 /* Looks */ = {
			isa = PBXGroup;
			children = (
				04309C1829733C9100A439D4 /* View */,
				04309C1729733C8700A439D4 /* Model */,
			);
			path = Looks;
			sourceTree = "<group>";
		};
		04D480A829741CBA00A961EE /* Create outfit */ = {
			isa = PBXGroup;
			children = (
				04D480AB2974227C00A961EE /* Seasons */,
				04D480AC2974228E00A961EE /* Look */,
				04D480B7297449A300A961EE /* Preview */,
			);
			path = "Create outfit";
			sourceTree = "<group>";
		};
		04D480AB2974227C00A961EE /* Seasons */ = {
			isa = PBXGroup;
			children = (
				04D480A929741CDF00A961EE /* COSeasonViewController.swift */,
			);
			path = Seasons;
			sourceTree = "<group>";
		};
		04D480AC2974228E00A961EE /* Look */ = {
			isa = PBXGroup;
			children = (
				04D480AD2974229C00A961EE /* COItemsViewController.swift */,
			);
			path = Look;
			sourceTree = "<group>";
		};
		04D480B7297449A300A961EE /* Preview */ = {
			isa = PBXGroup;
			children = (
				04D480B8297449C200A961EE /* COPreviewViewController.swift */,
			);
			path = Preview;
			sourceTree = "<group>";
		};
		04DD59B329917E8A000D6CC4 /* DataManager */ = {
			isa = PBXGroup;
			children = (
				04DD59B429917EA3000D6CC4 /* DataManager.swift */,
			);
			path = DataManager;
			sourceTree = "<group>";
		};
		04E6B80E296C539C00E50AA8 = {
			isa = PBXGroup;
			children = (
				04E6B819296C539C00E50AA8 /* CheckRoom */,
				04E6B818296C539C00E50AA8 /* Products */,
				98E3BC3FF77CD3C298FC2A90 /* Pods */,
				EE08B1EB4B8E757F5C193B27 /* Frameworks */,
			);
			sourceTree = "<group>";
		};
		04E6B818296C539C00E50AA8 /* Products */ = {
			isa = PBXGroup;
			children = (
				04E6B817296C539C00E50AA8 /* CheckRoom.app */,
			);
			name = Products;
			sourceTree = "<group>";
		};
		04E6B819296C539C00E50AA8 /* CheckRoom */ = {
			isa = PBXGroup;
			children = (
				04980073297B357500069BEA /* Items Collection View */,
				04E6B81A296C539C00E50AA8 /* AppDelegate.swift */,
				04E6B81C296C539C00E50AA8 /* SceneDelegate.swift */,
				04439458297B2CFD00FAFD09 /* Edit look */,
				0443944429799CFC00FAFD09 /* My outfits */,
				04D480A829741CBA00A961EE /* Create outfit */,
				04C9C3D5296F0E45005C7003 /* Tomorrow Outfit */,
				04C9C3A6296C7471005C7003 /* Add item */,
				04E6B834296C550F00E50AA8 /* Main */,
				04C9C3C1296DEA6B005C7003 /* Success */,
				04C9C3D8296F12B2005C7003 /* Oops */,
				04E6B82E296C53F000E50AA8 /* Builder */,
				04E6B82F296C53F800E50AA8 /* Coordinator */,
				04E6B825296C539F00E50AA8 /* LaunchScreen.storyboard */,
				04E6B823296C539F00E50AA8 /* Assets.xcassets */,
				04DD59B329917E8A000D6CC4 /* DataManager */,
				04E6B828296C539F00E50AA8 /* Info.plist */,
				0498009E297DD3B600069BEA /* UIImage magic.swift */,
				049800A0297DD74A00069BEA /* CoreMLHelpers */,
				0498009C297DD38300069BEA /* DeepLabV3.mlmodel */,
				0455BE1D29A11BC700FBBD40 /* Resources */,
				04C9C3A4296C6C20005C7003 /* Icons.swift */,
				04C9C3E3296F2FFC005C7003 /* Season.swift */,
				04C9C3A9296C7E0C005C7003 /* ViewController.swift */,
				043FDD422989849C000A4C2D /* Wear.swift */,
				0455BDE42993C80200FBBD40 /* Outfit.swift */,
				0455BDF82999117F00FBBD40 /* Extensions.swift */,
			);
			path = CheckRoom;
			sourceTree = "<group>";
		};
		04E6B82E296C53F000E50AA8 /* Builder */ = {
			isa = PBXGroup;
			children = (
				04E6B832296C542D00E50AA8 /* Builder.swift */,
				0443944729799DBB00FAFD09 /* COBuilder.swift */,
				0443944929799DDA00FAFD09 /* TOBuilder.swift */,
				0443944B29799DEE00FAFD09 /* AIBuilder.swift */,
				0443944D2979A74E00FAFD09 /* MOBuilder.swift */,
				0443945B297B2D2000FAFD09 /* ELBuilder.swift */,
			);
			path = Builder;
			sourceTree = "<group>";
		};
		04E6B82F296C53F800E50AA8 /* Coordinator */ = {
			isa = PBXGroup;
			children = (
				04E6B830296C540800E50AA8 /* Coordinator.swift */,
				04D480B1297447C800A961EE /* AICoordinator.swift */,
				04D480B5297447FE00A961EE /* COCoordinator.swift */,
				04D480B3297447F200A961EE /* TOCoordinator.swift */,
				0443944F2979A7D500FAFD09 /* MOCoordinator.swift */,
				0443945D297B2D7500FAFD09 /* ELCoordinator.swift */,
			);
			path = Coordinator;
			sourceTree = "<group>";
		};
		04E6B834296C550F00E50AA8 /* Main */ = {
			isa = PBXGroup;
			children = (
				04309C1B2973506300A439D4 /* View */,
			);
			path = Main;
			sourceTree = "<group>";
		};
		98E3BC3FF77CD3C298FC2A90 /* Pods */ = {
			isa = PBXGroup;
			children = (
				0CDA6F6138B1636F0E07EC9C /* Pods-CheckRoom.debug.xcconfig */,
				28113621E48CA69EFE59D32C /* Pods-CheckRoom.release.xcconfig */,
			);
			path = Pods;
			sourceTree = "<group>";
		};
		EE08B1EB4B8E757F5C193B27 /* Frameworks */ = {
			isa = PBXGroup;
			children = (
				1FD9EC2EF88FBD0892BEA7EA /* Pods_CheckRoom.framework */,
			);
			name = Frameworks;
			sourceTree = "<group>";
		};
/* End PBXGroup section */

/* Begin PBXNativeTarget section */
		04E6B816296C539C00E50AA8 /* CheckRoom */ = {
			isa = PBXNativeTarget;
			buildConfigurationList = 04E6B82B296C539F00E50AA8 /* Build configuration list for PBXNativeTarget "CheckRoom" */;
			buildPhases = (
				8A06839F69DA12BC644F1ACA /* [CP] Check Pods Manifest.lock */,
				04E6B813296C539C00E50AA8 /* Sources */,
				04E6B814296C539C00E50AA8 /* Frameworks */,
				04E6B815296C539C00E50AA8 /* Resources */,
				D33DD98DE5C233D0C252C766 /* [CP] Embed Pods Frameworks */,
			);
			buildRules = (
			);
			dependencies = (
			);
			name = CheckRoom;
			productName = CheckRoom;
			productReference = 04E6B817296C539C00E50AA8 /* CheckRoom.app */;
			productType = "com.apple.product-type.application";
		};
/* End PBXNativeTarget section */

/* Begin PBXProject section */
		04E6B80F296C539C00E50AA8 /* Project object */ = {
			isa = PBXProject;
			attributes = {
				BuildIndependentTargetsInParallel = 1;
				LastSwiftUpdateCheck = 1420;
				LastUpgradeCheck = 1420;
				TargetAttributes = {
					04E6B816296C539C00E50AA8 = {
						CreatedOnToolsVersion = 14.2;
					};
				};
			};
			buildConfigurationList = 04E6B812296C539C00E50AA8 /* Build configuration list for PBXProject "CheckRoom" */;
			compatibilityVersion = "Xcode 13.0";
			developmentRegion = en;
			hasScannedForEncodings = 0;
			knownRegions = (
				en,
				Base,
			);
			mainGroup = 04E6B80E296C539C00E50AA8;
			productRefGroup = 04E6B818296C539C00E50AA8 /* Products */;
			projectDirPath = "";
			projectRoot = "";
			targets = (
				04E6B816296C539C00E50AA8 /* CheckRoom */,
			);
		};
/* End PBXProject section */

/* Begin PBXResourcesBuildPhase section */
		04E6B815296C539C00E50AA8 /* Resources */ = {
			isa = PBXResourcesBuildPhase;
			buildActionMask = 2147483647;
			files = (
				0455BE2029A11BFA00FBBD40 /* Poppins-Regular.ttf in Resources */,
				04E6B827296C539F00E50AA8 /* LaunchScreen.storyboard in Resources */,
				04E6B824296C539F00E50AA8 /* Assets.xcassets in Resources */,
			);
			runOnlyForDeploymentPostprocessing = 0;
		};
/* End PBXResourcesBuildPhase section */

/* Begin PBXShellScriptBuildPhase section */
		8A06839F69DA12BC644F1ACA /* [CP] Check Pods Manifest.lock */ = {
			isa = PBXShellScriptBuildPhase;
			buildActionMask = 2147483647;
			files = (
			);
			inputFileListPaths = (
			);
			inputPaths = (
				"${PODS_PODFILE_DIR_PATH}/Podfile.lock",
				"${PODS_ROOT}/Manifest.lock",
			);
			name = "[CP] Check Pods Manifest.lock";
			outputFileListPaths = (
			);
			outputPaths = (
				"$(DERIVED_FILE_DIR)/Pods-CheckRoom-checkManifestLockResult.txt",
			);
			runOnlyForDeploymentPostprocessing = 0;
			shellPath = /bin/sh;
			shellScript = "diff \"${PODS_PODFILE_DIR_PATH}/Podfile.lock\" \"${PODS_ROOT}/Manifest.lock\" > /dev/null\nif [ $? != 0 ] ; then\n    # print error to STDERR\n    echo \"error: The sandbox is not in sync with the Podfile.lock. Run 'pod install' or update your CocoaPods installation.\" >&2\n    exit 1\nfi\n# This output is used by Xcode 'outputs' to avoid re-running this script phase.\necho \"SUCCESS\" > \"${SCRIPT_OUTPUT_FILE_0}\"\n";
			showEnvVarsInLog = 0;
		};
		D33DD98DE5C233D0C252C766 /* [CP] Embed Pods Frameworks */ = {
			isa = PBXShellScriptBuildPhase;
			buildActionMask = 2147483647;
			files = (
			);
			inputFileListPaths = (
				"${PODS_ROOT}/Target Support Files/Pods-CheckRoom/Pods-CheckRoom-frameworks-${CONFIGURATION}-input-files.xcfilelist",
			);
			name = "[CP] Embed Pods Frameworks";
			outputFileListPaths = (
				"${PODS_ROOT}/Target Support Files/Pods-CheckRoom/Pods-CheckRoom-frameworks-${CONFIGURATION}-output-files.xcfilelist",
			);
			runOnlyForDeploymentPostprocessing = 0;
			shellPath = /bin/sh;
			shellScript = "\"${PODS_ROOT}/Target Support Files/Pods-CheckRoom/Pods-CheckRoom-frameworks.sh\"\n";
			showEnvVarsInLog = 0;
		};
/* End PBXShellScriptBuildPhase section */

/* Begin PBXSourcesBuildPhase section */
		04E6B813296C539C00E50AA8 /* Sources */ = {
			isa = PBXSourcesBuildPhase;
			buildActionMask = 2147483647;
			files = (
				0498009F297DD3B600069BEA /* UIImage magic.swift in Sources */,
				04D480B2297447C800A961EE /* AICoordinator.swift in Sources */,
				04C9C3B0296C8460005C7003 /* AICategoryViewController.swift in Sources */,
				049800C2297DD74A00069BEA /* CVPixelBuffer+Rotate.swift in Sources */,
				04D480B6297447FE00A961EE /* COCoordinator.swift in Sources */,
				04C9C3DE296F131D005C7003 /* TOPreviewViewController.swift in Sources */,
				04C9C3D7296F0F68005C7003 /* TOSeasonsViewController.swift in Sources */,
				04439466297B310000FAFD09 /* ELAddItemsViewController.swift in Sources */,
				049800C1297DD74A00069BEA /* CVPixelBuffer+Resize.swift in Sources */,
				04D480B4297447F200A961EE /* TOCoordinator.swift in Sources */,
				04C9C3E8296F30CD005C7003 /* TOLooksCollectionViewCell.swift in Sources */,
				04D480AA29741CDF00A961EE /* COSeasonViewController.swift in Sources */,
				049800B2297DD74A00069BEA /* Array+Extensions.swift in Sources */,
				049800BB297DD74A00069BEA /* CoreML+Combine.swift in Sources */,
				0443944829799DBB00FAFD09 /* COBuilder.swift in Sources */,
				04E6B831296C540800E50AA8 /* Coordinator.swift in Sources */,
				04E6B81F296C539C00E50AA8 /* MainViewController.swift in Sources */,
				049800BD297DD74A00069BEA /* CGImage+CVPixelBuffer.swift in Sources */,
				049800B9297DD74A00069BEA /* MLMultiArray+Helpers.swift in Sources */,
				049800C0297DD74A00069BEA /* MLMultiArray+Image.swift in Sources */,
				0443944E2979A74E00FAFD09 /* MOBuilder.swift in Sources */,
				049800BF297DD74A00069BEA /* CGImage+RawBytes.swift in Sources */,
				0455BE04299A862700FBBD40 /* ELAccessoryViewController.swift in Sources */,
				0443945C297B2D2000FAFD09 /* ELBuilder.swift in Sources */,
				04C9C3C3296DEA7D005C7003 /* SuccessViewController.swift in Sources */,
				04E6B81B296C539C00E50AA8 /* AppDelegate.swift in Sources */,
				04C9C3AA296C7E0C005C7003 /* ViewController.swift in Sources */,
				04C9C3BB296DE856005C7003 /* AISubcategoryViewController.swift in Sources */,
				04C9C3B2296C849A005C7003 /* CategoryCollectionView.swift in Sources */,
				04C9C3A5296C6C20005C7003 /* Icons.swift in Sources */,
				044394502979A7D500FAFD09 /* MOCoordinator.swift in Sources */,
				0455BDE52993C80200FBBD40 /* Outfit.swift in Sources */,
				04980077297B35BD00069BEA /* ItemsCollectionViewLayout.swift in Sources */,
				049800BE297DD74A00069BEA /* NonMaxSuppression.swift in Sources */,
				04439463297B302B00FAFD09 /* ELPreviewViewController.swift in Sources */,
				049800B4297DD74A00069BEA /* UIImage+CVPixelBuffer.swift in Sources */,
				04980075297B358600069BEA /* ItemsCollectionView.swift in Sources */,
				04E6B81D296C539C00E50AA8 /* SceneDelegate.swift in Sources */,
				049800BC297DD74A00069BEA /* CVPixelBuffer+Create.swift in Sources */,
				049800B7297DD74A00069BEA /* CGImagePropertyOrientation.swift in Sources */,
				04309C1429733BF700A439D4 /* TOLooksPreviewViewController.swift in Sources */,
				04C9C3E4296F2FFC005C7003 /* Season.swift in Sources */,
				049800B3297DD74A00069BEA /* Math.swift in Sources */,
				04D480B9297449C200A961EE /* COPreviewViewController.swift in Sources */,
				044394542979AED700FAFD09 /* MOLooksViewController.swift in Sources */,
				0443945E297B2D7500FAFD09 /* ELCoordinator.swift in Sources */,
				0443944629799D2600FAFD09 /* MOSeasonsViewController.swift in Sources */,
				0455BDF92999117F00FBBD40 /* Extensions.swift in Sources */,
				04C9C3A8296C7487005C7003 /* AIPreviewViewController.swift in Sources */,
				049800B8297DD74A00069BEA /* UIImage+RawBytes.swift in Sources */,
				049800B6297DD74A00069BEA /* UIImage+Extensions.swift in Sources */,
				04C9C3BD296DE91E005C7003 /* AIAccessoryViewController.swift in Sources */,
				0443944A29799DDA00FAFD09 /* TOBuilder.swift in Sources */,
				0443944C29799DEE00FAFD09 /* AIBuilder.swift in Sources */,
				04DD59B529917EA3000D6CC4 /* DataManager.swift in Sources */,
				0455BE01299A831000FBBD40 /* ELAccessoryCategoriesViewController.swift in Sources */,
				04C9C3DC296F12F1005C7003 /* TOLooksViewController.swift in Sources */,
				04D480AE2974229C00A961EE /* COItemsViewController.swift in Sources */,
				04C9C3DA296F12C2005C7003 /* OopsViewController.swift in Sources */,
				0455BE06299A871200FBBD40 /* AccessoryCollectionView.swift in Sources */,
				04C9C3C0296DE9EB005C7003 /* AISeasonViewController.swift in Sources */,
				0455BE08299A8AEF00FBBD40 /* AccessoryCollectionViewCell.swift in Sources */,
				0498009D297DD38400069BEA /* DeepLabV3.mlmodel in Sources */,
				043FDD432989849C000A4C2D /* Wear.swift in Sources */,
				049800B5297DD74A00069BEA /* Predictions.swift in Sources */,
				04439469297B31C100FAFD09 /* ELOutwearViewController.swift in Sources */,
				0443945A297B2D0F00FAFD09 /* ELViewController.swift in Sources */,
				04309C1629733C8200A439D4 /* TOLookImageModel.swift in Sources */,
				049800BA297DD74A00069BEA /* MLModel+Images.swift in Sources */,
				04E6B836296C593600E50AA8 /* MainHeaderView.swift in Sources */,
				044394572979B25400FAFD09 /* MOPreviewViewController.swift in Sources */,
				04E6B833296C542D00E50AA8 /* Builder.swift in Sources */,
				04309BEA296F353400A439D4 /* TOLooksCollectionView.swift in Sources */,
			);
			runOnlyForDeploymentPostprocessing = 0;
		};
/* End PBXSourcesBuildPhase section */

/* Begin PBXVariantGroup section */
		04E6B825296C539F00E50AA8 /* LaunchScreen.storyboard */ = {
			isa = PBXVariantGroup;
			children = (
				04E6B826296C539F00E50AA8 /* Base */,
			);
			name = LaunchScreen.storyboard;
			sourceTree = "<group>";
		};
/* End PBXVariantGroup section */

/* Begin XCBuildConfiguration section */
		04E6B829296C539F00E50AA8 /* Debug */ = {
			isa = XCBuildConfiguration;
			buildSettings = {
				ALWAYS_SEARCH_USER_PATHS = NO;
				CLANG_ANALYZER_NONNULL = YES;
				CLANG_ANALYZER_NUMBER_OBJECT_CONVERSION = YES_AGGRESSIVE;
				CLANG_CXX_LANGUAGE_STANDARD = "gnu++20";
				CLANG_ENABLE_MODULES = YES;
				CLANG_ENABLE_OBJC_ARC = YES;
				CLANG_ENABLE_OBJC_WEAK = YES;
				CLANG_WARN_BLOCK_CAPTURE_AUTORELEASING = YES;
				CLANG_WARN_BOOL_CONVERSION = YES;
				CLANG_WARN_COMMA = YES;
				CLANG_WARN_CONSTANT_CONVERSION = YES;
				CLANG_WARN_DEPRECATED_OBJC_IMPLEMENTATIONS = YES;
				CLANG_WARN_DIRECT_OBJC_ISA_USAGE = YES_ERROR;
				CLANG_WARN_DOCUMENTATION_COMMENTS = YES;
				CLANG_WARN_EMPTY_BODY = YES;
				CLANG_WARN_ENUM_CONVERSION = YES;
				CLANG_WARN_INFINITE_RECURSION = YES;
				CLANG_WARN_INT_CONVERSION = YES;
				CLANG_WARN_NON_LITERAL_NULL_CONVERSION = YES;
				CLANG_WARN_OBJC_IMPLICIT_RETAIN_SELF = YES;
				CLANG_WARN_OBJC_LITERAL_CONVERSION = YES;
				CLANG_WARN_OBJC_ROOT_CLASS = YES_ERROR;
				CLANG_WARN_QUOTED_INCLUDE_IN_FRAMEWORK_HEADER = YES;
				CLANG_WARN_RANGE_LOOP_ANALYSIS = YES;
				CLANG_WARN_STRICT_PROTOTYPES = YES;
				CLANG_WARN_SUSPICIOUS_MOVE = YES;
				CLANG_WARN_UNGUARDED_AVAILABILITY = YES_AGGRESSIVE;
				CLANG_WARN_UNREACHABLE_CODE = YES;
				CLANG_WARN__DUPLICATE_METHOD_MATCH = YES;
				COPY_PHASE_STRIP = NO;
				DEBUG_INFORMATION_FORMAT = dwarf;
				ENABLE_STRICT_OBJC_MSGSEND = YES;
				ENABLE_TESTABILITY = YES;
				GCC_C_LANGUAGE_STANDARD = gnu11;
				GCC_DYNAMIC_NO_PIC = NO;
				GCC_NO_COMMON_BLOCKS = YES;
				GCC_OPTIMIZATION_LEVEL = 0;
				GCC_PREPROCESSOR_DEFINITIONS = (
					"DEBUG=1",
					"$(inherited)",
				);
				GCC_WARN_64_TO_32_BIT_CONVERSION = YES;
				GCC_WARN_ABOUT_RETURN_TYPE = YES_ERROR;
				GCC_WARN_UNDECLARED_SELECTOR = YES;
				GCC_WARN_UNINITIALIZED_AUTOS = YES_AGGRESSIVE;
				GCC_WARN_UNUSED_FUNCTION = YES;
				GCC_WARN_UNUSED_VARIABLE = YES;
				IPHONEOS_DEPLOYMENT_TARGET = 16.2;
				MTL_ENABLE_DEBUG_INFO = INCLUDE_SOURCE;
				MTL_FAST_MATH = YES;
				ONLY_ACTIVE_ARCH = YES;
				SDKROOT = iphoneos;
				SWIFT_ACTIVE_COMPILATION_CONDITIONS = DEBUG;
				SWIFT_OPTIMIZATION_LEVEL = "-Onone";
			};
			name = Debug;
		};
		04E6B82A296C539F00E50AA8 /* Release */ = {
			isa = XCBuildConfiguration;
			buildSettings = {
				ALWAYS_SEARCH_USER_PATHS = NO;
				CLANG_ANALYZER_NONNULL = YES;
				CLANG_ANALYZER_NUMBER_OBJECT_CONVERSION = YES_AGGRESSIVE;
				CLANG_CXX_LANGUAGE_STANDARD = "gnu++20";
				CLANG_ENABLE_MODULES = YES;
				CLANG_ENABLE_OBJC_ARC = YES;
				CLANG_ENABLE_OBJC_WEAK = YES;
				CLANG_WARN_BLOCK_CAPTURE_AUTORELEASING = YES;
				CLANG_WARN_BOOL_CONVERSION = YES;
				CLANG_WARN_COMMA = YES;
				CLANG_WARN_CONSTANT_CONVERSION = YES;
				CLANG_WARN_DEPRECATED_OBJC_IMPLEMENTATIONS = YES;
				CLANG_WARN_DIRECT_OBJC_ISA_USAGE = YES_ERROR;
				CLANG_WARN_DOCUMENTATION_COMMENTS = YES;
				CLANG_WARN_EMPTY_BODY = YES;
				CLANG_WARN_ENUM_CONVERSION = YES;
				CLANG_WARN_INFINITE_RECURSION = YES;
				CLANG_WARN_INT_CONVERSION = YES;
				CLANG_WARN_NON_LITERAL_NULL_CONVERSION = YES;
				CLANG_WARN_OBJC_IMPLICIT_RETAIN_SELF = YES;
				CLANG_WARN_OBJC_LITERAL_CONVERSION = YES;
				CLANG_WARN_OBJC_ROOT_CLASS = YES_ERROR;
				CLANG_WARN_QUOTED_INCLUDE_IN_FRAMEWORK_HEADER = YES;
				CLANG_WARN_RANGE_LOOP_ANALYSIS = YES;
				CLANG_WARN_STRICT_PROTOTYPES = YES;
				CLANG_WARN_SUSPICIOUS_MOVE = YES;
				CLANG_WARN_UNGUARDED_AVAILABILITY = YES_AGGRESSIVE;
				CLANG_WARN_UNREACHABLE_CODE = YES;
				CLANG_WARN__DUPLICATE_METHOD_MATCH = YES;
				COPY_PHASE_STRIP = NO;
				DEBUG_INFORMATION_FORMAT = "dwarf-with-dsym";
				ENABLE_NS_ASSERTIONS = NO;
				ENABLE_STRICT_OBJC_MSGSEND = YES;
				GCC_C_LANGUAGE_STANDARD = gnu11;
				GCC_NO_COMMON_BLOCKS = YES;
				GCC_WARN_64_TO_32_BIT_CONVERSION = YES;
				GCC_WARN_ABOUT_RETURN_TYPE = YES_ERROR;
				GCC_WARN_UNDECLARED_SELECTOR = YES;
				GCC_WARN_UNINITIALIZED_AUTOS = YES_AGGRESSIVE;
				GCC_WARN_UNUSED_FUNCTION = YES;
				GCC_WARN_UNUSED_VARIABLE = YES;
				IPHONEOS_DEPLOYMENT_TARGET = 16.2;
				MTL_ENABLE_DEBUG_INFO = NO;
				MTL_FAST_MATH = YES;
				SDKROOT = iphoneos;
				SWIFT_COMPILATION_MODE = wholemodule;
				SWIFT_OPTIMIZATION_LEVEL = "-O";
				VALIDATE_PRODUCT = YES;
			};
			name = Release;
		};
		04E6B82C296C539F00E50AA8 /* Debug */ = {
			isa = XCBuildConfiguration;
			baseConfigurationReference = 0CDA6F6138B1636F0E07EC9C /* Pods-CheckRoom.debug.xcconfig */;
			buildSettings = {
				ASSETCATALOG_COMPILER_APPICON_NAME = AppIcon;
				ASSETCATALOG_COMPILER_GLOBAL_ACCENT_COLOR_NAME = AccentColor;
				CODE_SIGN_STYLE = Automatic;
				CURRENT_PROJECT_VERSION = 1;
				DEVELOPMENT_TEAM = FCFHS2BVLY;
				GENERATE_INFOPLIST_FILE = YES;
				INFOPLIST_FILE = CheckRoom/Info.plist;
				INFOPLIST_KEY_LSApplicationCategoryType = "public.app-category.utilities";
				INFOPLIST_KEY_UIApplicationSupportsIndirectInputEvents = YES;
				INFOPLIST_KEY_UILaunchStoryboardName = LaunchScreen;
				INFOPLIST_KEY_UIMainStoryboardFile = "";
				INFOPLIST_KEY_UISupportedInterfaceOrientations_iPad = "UIInterfaceOrientationPortrait UIInterfaceOrientationPortraitUpsideDown UIInterfaceOrientationLandscapeLeft UIInterfaceOrientationLandscapeRight";
				INFOPLIST_KEY_UISupportedInterfaceOrientations_iPhone = "UIInterfaceOrientationPortrait UIInterfaceOrientationLandscapeLeft UIInterfaceOrientationLandscapeRight";
				IPHONEOS_DEPLOYMENT_TARGET = 14.0;
				LD_RUNPATH_SEARCH_PATHS = (
					"$(inherited)",
					"@executable_path/Frameworks",
				);
				MARKETING_VERSION = 1.0;
				PRODUCT_BUNDLE_IDENTIFIER = artem.CheckRoom;
				PRODUCT_NAME = "$(TARGET_NAME)";
				SUPPORTED_PLATFORMS = "iphoneos iphonesimulator";
				SUPPORTS_MACCATALYST = NO;
				SUPPORTS_MAC_DESIGNED_FOR_IPHONE_IPAD = NO;
				SWIFT_EMIT_LOC_STRINGS = YES;
				SWIFT_VERSION = 5.0;
				TARGETED_DEVICE_FAMILY = 1;
			};
			name = Debug;
		};
		04E6B82D296C539F00E50AA8 /* Release */ = {
			isa = XCBuildConfiguration;
			baseConfigurationReference = 28113621E48CA69EFE59D32C /* Pods-CheckRoom.release.xcconfig */;
			buildSettings = {
				ASSETCATALOG_COMPILER_APPICON_NAME = AppIcon;
				ASSETCATALOG_COMPILER_GLOBAL_ACCENT_COLOR_NAME = AccentColor;
				CODE_SIGN_STYLE = Automatic;
				CURRENT_PROJECT_VERSION = 1;
				DEVELOPMENT_TEAM = FCFHS2BVLY;
				GENERATE_INFOPLIST_FILE = YES;
				INFOPLIST_FILE = CheckRoom/Info.plist;
				INFOPLIST_KEY_LSApplicationCategoryType = "public.app-category.utilities";
				INFOPLIST_KEY_UIApplicationSupportsIndirectInputEvents = YES;
				INFOPLIST_KEY_UILaunchStoryboardName = LaunchScreen;
				INFOPLIST_KEY_UIMainStoryboardFile = "";
				INFOPLIST_KEY_UISupportedInterfaceOrientations_iPad = "UIInterfaceOrientationPortrait UIInterfaceOrientationPortraitUpsideDown UIInterfaceOrientationLandscapeLeft UIInterfaceOrientationLandscapeRight";
				INFOPLIST_KEY_UISupportedInterfaceOrientations_iPhone = "UIInterfaceOrientationPortrait UIInterfaceOrientationLandscapeLeft UIInterfaceOrientationLandscapeRight";
				IPHONEOS_DEPLOYMENT_TARGET = 14.0;
				LD_RUNPATH_SEARCH_PATHS = (
					"$(inherited)",
					"@executable_path/Frameworks",
				);
				MARKETING_VERSION = 1.0;
				PRODUCT_BUNDLE_IDENTIFIER = artem.CheckRoom;
				PRODUCT_NAME = "$(TARGET_NAME)";
				SUPPORTED_PLATFORMS = "iphoneos iphonesimulator";
				SUPPORTS_MACCATALYST = NO;
				SUPPORTS_MAC_DESIGNED_FOR_IPHONE_IPAD = NO;
				SWIFT_EMIT_LOC_STRINGS = YES;
				SWIFT_VERSION = 5.0;
				TARGETED_DEVICE_FAMILY = 1;
			};
			name = Release;
		};
/* End XCBuildConfiguration section */

/* Begin XCConfigurationList section */
		04E6B812296C539C00E50AA8 /* Build configuration list for PBXProject "CheckRoom" */ = {
			isa = XCConfigurationList;
			buildConfigurations = (
				04E6B829296C539F00E50AA8 /* Debug */,
				04E6B82A296C539F00E50AA8 /* Release */,
			);
			defaultConfigurationIsVisible = 0;
			defaultConfigurationName = Release;
		};
		04E6B82B296C539F00E50AA8 /* Build configuration list for PBXNativeTarget "CheckRoom" */ = {
			isa = XCConfigurationList;
			buildConfigurations = (
				04E6B82C296C539F00E50AA8 /* Debug */,
				04E6B82D296C539F00E50AA8 /* Release */,
			);
			defaultConfigurationIsVisible = 0;
			defaultConfigurationName = Release;
		};
/* End XCConfigurationList section */
	};
	rootObject = 04E6B80F296C539C00E50AA8 /* Project object */;
}
