// !$*UTF8*$!
{
	archiveVersion = 1;
	classes = {
	};
	objectVersion = 56;
	objects = {

/* Begin PBXBuildFile section */
		04309BEA296F353400A439D4 /* TOLooksCollectionView.swift in Sources */ = {isa = PBXBuildFile; fileRef = 04309BE9296F353400A439D4 /* TOLooksCollectionView.swift */; };
		04309C1429733BF700A439D4 /* TOLooksPreviewViewController.swift in Sources */ = {isa = PBXBuildFile; fileRef = 04309C1329733BF700A439D4 /* TOLooksPreviewViewController.swift */; };
		04309C1629733C8200A439D4 /* TOLookImageModel.swift in Sources */ = {isa = PBXBuildFile; fileRef = 04309C1529733C8200A439D4 /* TOLookImageModel.swift */; };
		04C9C3A5296C6C20005C7003 /* Icons.swift in Sources */ = {isa = PBXBuildFile; fileRef = 04C9C3A4296C6C20005C7003 /* Icons.swift */; };
		04C9C3A8296C7487005C7003 /* AIPreviewViewController.swift in Sources */ = {isa = PBXBuildFile; fileRef = 04C9C3A7296C7487005C7003 /* AIPreviewViewController.swift */; };
		04C9C3AA296C7E0C005C7003 /* ViewController.swift in Sources */ = {isa = PBXBuildFile; fileRef = 04C9C3A9296C7E0C005C7003 /* ViewController.swift */; };
		04C9C3B0296C8460005C7003 /* AICategoryViewController.swift in Sources */ = {isa = PBXBuildFile; fileRef = 04C9C3AF296C8460005C7003 /* AICategoryViewController.swift */; };
		04C9C3B2296C849A005C7003 /* CategoryCollectionView.swift in Sources */ = {isa = PBXBuildFile; fileRef = 04C9C3B1296C849A005C7003 /* CategoryCollectionView.swift */; };
		04C9C3BB296DE856005C7003 /* AISubcategoryViewController.swift in Sources */ = {isa = PBXBuildFile; fileRef = 04C9C3BA296DE856005C7003 /* AISubcategoryViewController.swift */; };
		04C9C3BD296DE91E005C7003 /* AIAccessoryViewController.swift in Sources */ = {isa = PBXBuildFile; fileRef = 04C9C3BC296DE91E005C7003 /* AIAccessoryViewController.swift */; };
		04C9C3C0296DE9EB005C7003 /* AISeasonViewController.swift in Sources */ = {isa = PBXBuildFile; fileRef = 04C9C3BF296DE9EB005C7003 /* AISeasonViewController.swift */; };
		04C9C3C3296DEA7D005C7003 /* SuccessViewController.swift in Sources */ = {isa = PBXBuildFile; fileRef = 04C9C3C2296DEA7D005C7003 /* SuccessViewController.swift */; };
		04C9C3D7296F0F68005C7003 /* TOSeasonsViewController.swift in Sources */ = {isa = PBXBuildFile; fileRef = 04C9C3D6296F0F68005C7003 /* TOSeasonsViewController.swift */; };
		04C9C3DA296F12C2005C7003 /* OopsViewController.swift in Sources */ = {isa = PBXBuildFile; fileRef = 04C9C3D9296F12C2005C7003 /* OopsViewController.swift */; };
		04C9C3DC296F12F1005C7003 /* TOLooksViewController.swift in Sources */ = {isa = PBXBuildFile; fileRef = 04C9C3DB296F12F1005C7003 /* TOLooksViewController.swift */; };
		04C9C3DE296F131D005C7003 /* TOPreviewViewController.swift in Sources */ = {isa = PBXBuildFile; fileRef = 04C9C3DD296F131D005C7003 /* TOPreviewViewController.swift */; };
		04C9C3E4296F2FFC005C7003 /* Season.swift in Sources */ = {isa = PBXBuildFile; fileRef = 04C9C3E3296F2FFC005C7003 /* Season.swift */; };
		04C9C3E8296F30CD005C7003 /* TOLooksCollectionViewCell.swift in Sources */ = {isa = PBXBuildFile; fileRef = 04C9C3E7296F30CD005C7003 /* TOLooksCollectionViewCell.swift */; };
		04D480AA29741CDF00A961EE /* COSeasonViewController.swift in Sources */ = {isa = PBXBuildFile; fileRef = 04D480A929741CDF00A961EE /* COSeasonViewController.swift */; };
		04D480AE2974229C00A961EE /* COItemsViewController.swift in Sources */ = {isa = PBXBuildFile; fileRef = 04D480AD2974229C00A961EE /* COItemsViewController.swift */; };
		04D480B02974231700A961EE /* COItemsCollectionView.swift in Sources */ = {isa = PBXBuildFile; fileRef = 04D480AF2974231700A961EE /* COItemsCollectionView.swift */; };
		04D480B2297447C800A961EE /* AICoordinator.swift in Sources */ = {isa = PBXBuildFile; fileRef = 04D480B1297447C800A961EE /* AICoordinator.swift */; };
		04D480B4297447F200A961EE /* TOCoordinator.swift in Sources */ = {isa = PBXBuildFile; fileRef = 04D480B3297447F200A961EE /* TOCoordinator.swift */; };
		04D480B6297447FE00A961EE /* COCoordinator.swift in Sources */ = {isa = PBXBuildFile; fileRef = 04D480B5297447FE00A961EE /* COCoordinator.swift */; };
		04D480B9297449C200A961EE /* COPreviewViewController.swift in Sources */ = {isa = PBXBuildFile; fileRef = 04D480B8297449C200A961EE /* COPreviewViewController.swift */; };
		04E6B81B296C539C00E50AA8 /* AppDelegate.swift in Sources */ = {isa = PBXBuildFile; fileRef = 04E6B81A296C539C00E50AA8 /* AppDelegate.swift */; };
		04E6B81D296C539C00E50AA8 /* SceneDelegate.swift in Sources */ = {isa = PBXBuildFile; fileRef = 04E6B81C296C539C00E50AA8 /* SceneDelegate.swift */; };
		04E6B81F296C539C00E50AA8 /* MainViewController.swift in Sources */ = {isa = PBXBuildFile; fileRef = 04E6B81E296C539C00E50AA8 /* MainViewController.swift */; };
		04E6B824296C539F00E50AA8 /* Assets.xcassets in Resources */ = {isa = PBXBuildFile; fileRef = 04E6B823296C539F00E50AA8 /* Assets.xcassets */; };
		04E6B827296C539F00E50AA8 /* LaunchScreen.storyboard in Resources */ = {isa = PBXBuildFile; fileRef = 04E6B825296C539F00E50AA8 /* LaunchScreen.storyboard */; };
		04E6B831296C540800E50AA8 /* Coordinator.swift in Sources */ = {isa = PBXBuildFile; fileRef = 04E6B830296C540800E50AA8 /* Coordinator.swift */; };
		04E6B833296C542D00E50AA8 /* Builder.swift in Sources */ = {isa = PBXBuildFile; fileRef = 04E6B832296C542D00E50AA8 /* Builder.swift */; };
		04E6B836296C593600E50AA8 /* MainHeaderView.swift in Sources */ = {isa = PBXBuildFile; fileRef = 04E6B835296C593600E50AA8 /* MainHeaderView.swift */; };
/* End PBXBuildFile section */

/* Begin PBXFileReference section */
		04309BE9296F353400A439D4 /* TOLooksCollectionView.swift */ = {isa = PBXFileReference; lastKnownFileType = sourcecode.swift; path = TOLooksCollectionView.swift; sourceTree = "<group>"; };
		04309C1329733BF700A439D4 /* TOLooksPreviewViewController.swift */ = {isa = PBXFileReference; lastKnownFileType = sourcecode.swift; path = TOLooksPreviewViewController.swift; sourceTree = "<group>"; };
		04309C1529733C8200A439D4 /* TOLookImageModel.swift */ = {isa = PBXFileReference; lastKnownFileType = sourcecode.swift; path = TOLookImageModel.swift; sourceTree = "<group>"; };
		04C9C3A4296C6C20005C7003 /* Icons.swift */ = {isa = PBXFileReference; lastKnownFileType = sourcecode.swift; path = Icons.swift; sourceTree = "<group>"; };
		04C9C3A7296C7487005C7003 /* AIPreviewViewController.swift */ = {isa = PBXFileReference; lastKnownFileType = sourcecode.swift; path = AIPreviewViewController.swift; sourceTree = "<group>"; };
		04C9C3A9296C7E0C005C7003 /* ViewController.swift */ = {isa = PBXFileReference; lastKnownFileType = sourcecode.swift; path = ViewController.swift; sourceTree = "<group>"; };
		04C9C3AF296C8460005C7003 /* AICategoryViewController.swift */ = {isa = PBXFileReference; lastKnownFileType = sourcecode.swift; path = AICategoryViewController.swift; sourceTree = "<group>"; };
		04C9C3B1296C849A005C7003 /* CategoryCollectionView.swift */ = {isa = PBXFileReference; lastKnownFileType = sourcecode.swift; path = CategoryCollectionView.swift; sourceTree = "<group>"; };
		04C9C3BA296DE856005C7003 /* AISubcategoryViewController.swift */ = {isa = PBXFileReference; lastKnownFileType = sourcecode.swift; path = AISubcategoryViewController.swift; sourceTree = "<group>"; };
		04C9C3BC296DE91E005C7003 /* AIAccessoryViewController.swift */ = {isa = PBXFileReference; lastKnownFileType = sourcecode.swift; path = AIAccessoryViewController.swift; sourceTree = "<group>"; };
		04C9C3BF296DE9EB005C7003 /* AISeasonViewController.swift */ = {isa = PBXFileReference; lastKnownFileType = sourcecode.swift; path = AISeasonViewController.swift; sourceTree = "<group>"; };
		04C9C3C2296DEA7D005C7003 /* SuccessViewController.swift */ = {isa = PBXFileReference; lastKnownFileType = sourcecode.swift; path = SuccessViewController.swift; sourceTree = "<group>"; };
		04C9C3D6296F0F68005C7003 /* TOSeasonsViewController.swift */ = {isa = PBXFileReference; lastKnownFileType = sourcecode.swift; path = TOSeasonsViewController.swift; sourceTree = "<group>"; };
		04C9C3D9296F12C2005C7003 /* OopsViewController.swift */ = {isa = PBXFileReference; lastKnownFileType = sourcecode.swift; path = OopsViewController.swift; sourceTree = "<group>"; };
		04C9C3DB296F12F1005C7003 /* TOLooksViewController.swift */ = {isa = PBXFileReference; lastKnownFileType = sourcecode.swift; path = TOLooksViewController.swift; sourceTree = "<group>"; };
		04C9C3DD296F131D005C7003 /* TOPreviewViewController.swift */ = {isa = PBXFileReference; lastKnownFileType = sourcecode.swift; path = TOPreviewViewController.swift; sourceTree = "<group>"; };
		04C9C3E3296F2FFC005C7003 /* Season.swift */ = {isa = PBXFileReference; lastKnownFileType = sourcecode.swift; path = Season.swift; sourceTree = "<group>"; };
		04C9C3E7296F30CD005C7003 /* TOLooksCollectionViewCell.swift */ = {isa = PBXFileReference; lastKnownFileType = sourcecode.swift; path = TOLooksCollectionViewCell.swift; sourceTree = "<group>"; };
		04D480A929741CDF00A961EE /* COSeasonViewController.swift */ = {isa = PBXFileReference; lastKnownFileType = sourcecode.swift; path = COSeasonViewController.swift; sourceTree = "<group>"; };
		04D480AD2974229C00A961EE /* COItemsViewController.swift */ = {isa = PBXFileReference; lastKnownFileType = sourcecode.swift; path = COItemsViewController.swift; sourceTree = "<group>"; };
		04D480AF2974231700A961EE /* COItemsCollectionView.swift */ = {isa = PBXFileReference; lastKnownFileType = sourcecode.swift; path = COItemsCollectionView.swift; sourceTree = "<group>"; };
		04D480B1297447C800A961EE /* AICoordinator.swift */ = {isa = PBXFileReference; lastKnownFileType = sourcecode.swift; path = AICoordinator.swift; sourceTree = "<group>"; };
		04D480B3297447F200A961EE /* TOCoordinator.swift */ = {isa = PBXFileReference; lastKnownFileType = sourcecode.swift; path = TOCoordinator.swift; sourceTree = "<group>"; };
		04D480B5297447FE00A961EE /* COCoordinator.swift */ = {isa = PBXFileReference; lastKnownFileType = sourcecode.swift; path = COCoordinator.swift; sourceTree = "<group>"; };
		04D480B8297449C200A961EE /* COPreviewViewController.swift */ = {isa = PBXFileReference; lastKnownFileType = sourcecode.swift; path = COPreviewViewController.swift; sourceTree = "<group>"; };
		04E6B817296C539C00E50AA8 /* CheckRoom.app */ = {isa = PBXFileReference; explicitFileType = wrapper.application; includeInIndex = 0; path = CheckRoom.app; sourceTree = BUILT_PRODUCTS_DIR; };
		04E6B81A296C539C00E50AA8 /* AppDelegate.swift */ = {isa = PBXFileReference; lastKnownFileType = sourcecode.swift; path = AppDelegate.swift; sourceTree = "<group>"; };
		04E6B81C296C539C00E50AA8 /* SceneDelegate.swift */ = {isa = PBXFileReference; lastKnownFileType = sourcecode.swift; path = SceneDelegate.swift; sourceTree = "<group>"; };
		04E6B81E296C539C00E50AA8 /* MainViewController.swift */ = {isa = PBXFileReference; lastKnownFileType = sourcecode.swift; path = MainViewController.swift; sourceTree = "<group>"; };
		04E6B823296C539F00E50AA8 /* Assets.xcassets */ = {isa = PBXFileReference; lastKnownFileType = folder.assetcatalog; path = Assets.xcassets; sourceTree = "<group>"; };
		04E6B826296C539F00E50AA8 /* Base */ = {isa = PBXFileReference; lastKnownFileType = file.storyboard; name = Base; path = Base.lproj/LaunchScreen.storyboard; sourceTree = "<group>"; };
		04E6B828296C539F00E50AA8 /* Info.plist */ = {isa = PBXFileReference; lastKnownFileType = text.plist.xml; path = Info.plist; sourceTree = "<group>"; };
		04E6B830296C540800E50AA8 /* Coordinator.swift */ = {isa = PBXFileReference; lastKnownFileType = sourcecode.swift; path = Coordinator.swift; sourceTree = "<group>"; };
		04E6B832296C542D00E50AA8 /* Builder.swift */ = {isa = PBXFileReference; lastKnownFileType = sourcecode.swift; path = Builder.swift; sourceTree = "<group>"; };
		04E6B835296C593600E50AA8 /* MainHeaderView.swift */ = {isa = PBXFileReference; lastKnownFileType = sourcecode.swift; path = MainHeaderView.swift; sourceTree = "<group>"; };
/* End PBXFileReference section */

/* Begin PBXFrameworksBuildPhase section */
		04E6B814296C539C00E50AA8 /* Frameworks */ = {
			isa = PBXFrameworksBuildPhase;
			buildActionMask = 2147483647;
			files = (
			);
			runOnlyForDeploymentPostprocessing = 0;
		};
/* End PBXFrameworksBuildPhase section */

/* Begin PBXGroup section */
		04309C1729733C8700A439D4 /* Model */ = {
			isa = PBXGroup;
			children = (
				04309C1529733C8200A439D4 /* TOLookImageModel.swift */,
			);
			path = Model;
			sourceTree = "<group>";
		};
		04309C1829733C9100A439D4 /* View */ = {
			isa = PBXGroup;
			children = (
				04C9C3DB296F12F1005C7003 /* TOLooksViewController.swift */,
				04309BE9296F353400A439D4 /* TOLooksCollectionView.swift */,
				04C9C3E7296F30CD005C7003 /* TOLooksCollectionViewCell.swift */,
				04309C1929733D5100A439D4 /* Preview */,
			);
			path = View;
			sourceTree = "<group>";
		};
		04309C1929733D5100A439D4 /* Preview */ = {
			isa = PBXGroup;
			children = (
				04309C1329733BF700A439D4 /* TOLooksPreviewViewController.swift */,
			);
			path = Preview;
			sourceTree = "<group>";
		};
		04309C1A29734F1F00A439D4 /* Preview */ = {
			isa = PBXGroup;
			children = (
				04C9C3DD296F131D005C7003 /* TOPreviewViewController.swift */,
			);
			path = Preview;
			sourceTree = "<group>";
		};
		04309C1B2973506300A439D4 /* View */ = {
			isa = PBXGroup;
			children = (
				04E6B81E296C539C00E50AA8 /* MainViewController.swift */,
				04E6B835296C593600E50AA8 /* MainHeaderView.swift */,
			);
			path = View;
			sourceTree = "<group>";
		};
		04C9C3A6296C7471005C7003 /* Add item */ = {
			isa = PBXGroup;
			children = (
				04C9C3B1296C849A005C7003 /* CategoryCollectionView.swift */,
				04C9C3AB296C83DB005C7003 /* Camera & Preview */,
				04C9C3AC296C83E2005C7003 /* Category */,
				04C9C3AD296C8420005C7003 /* Subcategory */,
				04C9C3DF296F1394005C7003 /* Accessory */,
				04C9C3E0296F139E005C7003 /* Season */,
			);
			path = "Add item";
			sourceTree = "<group>";
		};
		04C9C3AB296C83DB005C7003 /* Camera & Preview */ = {
			isa = PBXGroup;
			children = (
				04C9C3A7296C7487005C7003 /* AIPreviewViewController.swift */,
			);
			path = "Camera & Preview";
			sourceTree = "<group>";
		};
		04C9C3AC296C83E2005C7003 /* Category */ = {
			isa = PBXGroup;
			children = (
				04C9C3AF296C8460005C7003 /* AICategoryViewController.swift */,
			);
			path = Category;
			sourceTree = "<group>";
		};
		04C9C3AD296C8420005C7003 /* Subcategory */ = {
			isa = PBXGroup;
			children = (
				04C9C3BA296DE856005C7003 /* AISubcategoryViewController.swift */,
			);
			path = Subcategory;
			sourceTree = "<group>";
		};
		04C9C3C1296DEA6B005C7003 /* Success */ = {
			isa = PBXGroup;
			children = (
				04C9C3C2296DEA7D005C7003 /* SuccessViewController.swift */,
			);
			path = Success;
			sourceTree = "<group>";
		};
		04C9C3D5296F0E45005C7003 /* Tomorrow outfit */ = {
			isa = PBXGroup;
			children = (
				04C9C3E1296F2FB6005C7003 /* Seasons */,
				04C9C3E2296F2FBC005C7003 /* Looks */,
				04309C1A29734F1F00A439D4 /* Preview */,
			);
			path = "Tomorrow outfit";
			sourceTree = "<group>";
		};
		04C9C3D8296F12B2005C7003 /* Oops */ = {
			isa = PBXGroup;
			children = (
				04C9C3D9296F12C2005C7003 /* OopsViewController.swift */,
			);
			path = Oops;
			sourceTree = "<group>";
		};
		04C9C3DF296F1394005C7003 /* Accessory */ = {
			isa = PBXGroup;
			children = (
				04C9C3BC296DE91E005C7003 /* AIAccessoryViewController.swift */,
			);
			path = Accessory;
			sourceTree = "<group>";
		};
		04C9C3E0296F139E005C7003 /* Season */ = {
			isa = PBXGroup;
			children = (
				04C9C3BF296DE9EB005C7003 /* AISeasonViewController.swift */,
			);
			path = Season;
			sourceTree = "<group>";
		};
		04C9C3E1296F2FB6005C7003 /* Seasons */ = {
			isa = PBXGroup;
			children = (
				04C9C3D6296F0F68005C7003 /* TOSeasonsViewController.swift */,
			);
			path = Seasons;
			sourceTree = "<group>";
		};
		04C9C3E2296F2FBC005C7003 /* Looks */ = {
			isa = PBXGroup;
			children = (
				04309C1829733C9100A439D4 /* View */,
				04309C1729733C8700A439D4 /* Model */,
			);
			path = Looks;
			sourceTree = "<group>";
		};
		04D480A829741CBA00A961EE /* Create outfit */ = {
			isa = PBXGroup;
			children = (
				04D480AB2974227C00A961EE /* Seasons */,
				04D480AC2974228E00A961EE /* Look */,
				04D480B7297449A300A961EE /* Preview */,
			);
			path = "Create outfit";
			sourceTree = "<group>";
		};
		04D480AB2974227C00A961EE /* Seasons */ = {
			isa = PBXGroup;
			children = (
				04D480A929741CDF00A961EE /* COSeasonViewController.swift */,
			);
			path = Seasons;
			sourceTree = "<group>";
		};
		04D480AC2974228E00A961EE /* Look */ = {
			isa = PBXGroup;
			children = (
				04D480AD2974229C00A961EE /* COItemsViewController.swift */,
				04D480AF2974231700A961EE /* COItemsCollectionView.swift */,
			);
			path = Look;
			sourceTree = "<group>";
		};
		04D480B7297449A300A961EE /* Preview */ = {
			isa = PBXGroup;
			children = (
				04D480B8297449C200A961EE /* COPreviewViewController.swift */,
			);
			path = Preview;
			sourceTree = "<group>";
		};
		04E6B80E296C539C00E50AA8 = {
			isa = PBXGroup;
			children = (
				04E6B819296C539C00E50AA8 /* CheckRoom */,
				04E6B818296C539C00E50AA8 /* Products */,
			);
			sourceTree = "<group>";
		};
		04E6B818296C539C00E50AA8 /* Products */ = {
			isa = PBXGroup;
			children = (
				04E6B817296C539C00E50AA8 /* CheckRoom.app */,
			);
			name = Products;
			sourceTree = "<group>";
		};
		04E6B819296C539C00E50AA8 /* CheckRoom */ = {
			isa = PBXGroup;
			children = (
				04E6B81A296C539C00E50AA8 /* AppDelegate.swift */,
				04E6B81C296C539C00E50AA8 /* SceneDelegate.swift */,
				04D480A829741CBA00A961EE /* Create outfit */,
				04C9C3D5296F0E45005C7003 /* Tomorrow outfit */,
				04C9C3A6296C7471005C7003 /* Add item */,
				04E6B834296C550F00E50AA8 /* Main */,
				04C9C3C1296DEA6B005C7003 /* Success */,
				04C9C3D8296F12B2005C7003 /* Oops */,
				04E6B82E296C53F000E50AA8 /* Builder */,
				04E6B82F296C53F800E50AA8 /* Coordinator */,
				04E6B825296C539F00E50AA8 /* LaunchScreen.storyboard */,
				04E6B823296C539F00E50AA8 /* Assets.xcassets */,
				04E6B828296C539F00E50AA8 /* Info.plist */,
				04C9C3A4296C6C20005C7003 /* Icons.swift */,
				04C9C3E3296F2FFC005C7003 /* Season.swift */,
				04C9C3A9296C7E0C005C7003 /* ViewController.swift */,
			);
			path = CheckRoom;
			sourceTree = "<group>";
		};
		04E6B82E296C53F000E50AA8 /* Builder */ = {
			isa = PBXGroup;
			children = (
				04E6B832296C542D00E50AA8 /* Builder.swift */,
			);
			path = Builder;
			sourceTree = "<group>";
		};
		04E6B82F296C53F800E50AA8 /* Coordinator */ = {
			isa = PBXGroup;
			children = (
				04E6B830296C540800E50AA8 /* Coordinator.swift */,
				04D480B1297447C800A961EE /* AICoordinator.swift */,
				04D480B5297447FE00A961EE /* COCoordinator.swift */,
				04D480B3297447F200A961EE /* TOCoordinator.swift */,
			);
			path = Coordinator;
			sourceTree = "<group>";
		};
		04E6B834296C550F00E50AA8 /* Main */ = {
			isa = PBXGroup;
			children = (
				04309C1B2973506300A439D4 /* View */,
			);
			path = Main;
			sourceTree = "<group>";
		};
/* End PBXGroup section */

/* Begin PBXNativeTarget section */
		04E6B816296C539C00E50AA8 /* CheckRoom */ = {
			isa = PBXNativeTarget;
			buildConfigurationList = 04E6B82B296C539F00E50AA8 /* Build configuration list for PBXNativeTarget "CheckRoom" */;
			buildPhases = (
				04E6B813296C539C00E50AA8 /* Sources */,
				04E6B814296C539C00E50AA8 /* Frameworks */,
				04E6B815296C539C00E50AA8 /* Resources */,
			);
			buildRules = (
			);
			dependencies = (
			);
			name = CheckRoom;
			productName = CheckRoom;
			productReference = 04E6B817296C539C00E50AA8 /* CheckRoom.app */;
			productType = "com.apple.product-type.application";
		};
/* End PBXNativeTarget section */

/* Begin PBXProject section */
		04E6B80F296C539C00E50AA8 /* Project object */ = {
			isa = PBXProject;
			attributes = {
				BuildIndependentTargetsInParallel = 1;
				LastSwiftUpdateCheck = 1420;
				LastUpgradeCheck = 1420;
				TargetAttributes = {
					04E6B816296C539C00E50AA8 = {
						CreatedOnToolsVersion = 14.2;
					};
				};
			};
			buildConfigurationList = 04E6B812296C539C00E50AA8 /* Build configuration list for PBXProject "CheckRoom" */;
			compatibilityVersion = "Xcode 14.0";
			developmentRegion = en;
			hasScannedForEncodings = 0;
			knownRegions = (
				en,
				Base,
			);
			mainGroup = 04E6B80E296C539C00E50AA8;
			productRefGroup = 04E6B818296C539C00E50AA8 /* Products */;
			projectDirPath = "";
			projectRoot = "";
			targets = (
				04E6B816296C539C00E50AA8 /* CheckRoom */,
			);
		};
/* End PBXProject section */

/* Begin PBXResourcesBuildPhase section */
		04E6B815296C539C00E50AA8 /* Resources */ = {
			isa = PBXResourcesBuildPhase;
			buildActionMask = 2147483647;
			files = (
				04E6B827296C539F00E50AA8 /* LaunchScreen.storyboard in Resources */,
				04E6B824296C539F00E50AA8 /* Assets.xcassets in Resources */,
			);
			runOnlyForDeploymentPostprocessing = 0;
		};
/* End PBXResourcesBuildPhase section */

/* Begin PBXSourcesBuildPhase section */
		04E6B813296C539C00E50AA8 /* Sources */ = {
			isa = PBXSourcesBuildPhase;
			buildActionMask = 2147483647;
			files = (
				04D480B2297447C800A961EE /* AICoordinator.swift in Sources */,
				04C9C3B0296C8460005C7003 /* AICategoryViewController.swift in Sources */,
				04D480B6297447FE00A961EE /* COCoordinator.swift in Sources */,
				04C9C3DE296F131D005C7003 /* TOPreviewViewController.swift in Sources */,
				04C9C3D7296F0F68005C7003 /* TOSeasonsViewController.swift in Sources */,
				04D480B4297447F200A961EE /* TOCoordinator.swift in Sources */,
				04C9C3E8296F30CD005C7003 /* TOLooksCollectionViewCell.swift in Sources */,
				04D480AA29741CDF00A961EE /* COSeasonViewController.swift in Sources */,
				04E6B831296C540800E50AA8 /* Coordinator.swift in Sources */,
				04D480B02974231700A961EE /* COItemsCollectionView.swift in Sources */,
				04E6B81F296C539C00E50AA8 /* MainViewController.swift in Sources */,
				04C9C3C3296DEA7D005C7003 /* SuccessViewController.swift in Sources */,
				04E6B81B296C539C00E50AA8 /* AppDelegate.swift in Sources */,
				04C9C3AA296C7E0C005C7003 /* ViewController.swift in Sources */,
				04C9C3BB296DE856005C7003 /* AISubcategoryViewController.swift in Sources */,
				04C9C3B2296C849A005C7003 /* CategoryCollectionView.swift in Sources */,
				04C9C3A5296C6C20005C7003 /* Icons.swift in Sources */,
				04E6B81D296C539C00E50AA8 /* SceneDelegate.swift in Sources */,
				04309C1429733BF700A439D4 /* TOLooksPreviewViewController.swift in Sources */,
				04C9C3E4296F2FFC005C7003 /* Season.swift in Sources */,
				04D480B9297449C200A961EE /* COPreviewViewController.swift in Sources */,
				04C9C3A8296C7487005C7003 /* AIPreviewViewController.swift in Sources */,
				04C9C3BD296DE91E005C7003 /* AIAccessoryViewController.swift in Sources */,
				04C9C3DC296F12F1005C7003 /* TOLooksViewController.swift in Sources */,
				04D480AE2974229C00A961EE /* COItemsViewController.swift in Sources */,
				04C9C3DA296F12C2005C7003 /* OopsViewController.swift in Sources */,
				04C9C3C0296DE9EB005C7003 /* AISeasonViewController.swift in Sources */,
				04309C1629733C8200A439D4 /* TOLookImageModel.swift in Sources */,
				04E6B836296C593600E50AA8 /* MainHeaderView.swift in Sources */,
				04E6B833296C542D00E50AA8 /* Builder.swift in Sources */,
				04309BEA296F353400A439D4 /* TOLooksCollectionView.swift in Sources */,
			);
			runOnlyForDeploymentPostprocessing = 0;
		};
/* End PBXSourcesBuildPhase section */

/* Begin PBXVariantGroup section */
		04E6B825296C539F00E50AA8 /* LaunchScreen.storyboard */ = {
			isa = PBXVariantGroup;
			children = (
				04E6B826296C539F00E50AA8 /* Base */,
			);
			name = LaunchScreen.storyboard;
			sourceTree = "<group>";
		};
/* End PBXVariantGroup section */

/* Begin XCBuildConfiguration section */
		04E6B829296C539F00E50AA8 /* Debug */ = {
			isa = XCBuildConfiguration;
			buildSettings = {
				ALWAYS_SEARCH_USER_PATHS = NO;
				CLANG_ANALYZER_NONNULL = YES;
				CLANG_ANALYZER_NUMBER_OBJECT_CONVERSION = YES_AGGRESSIVE;
				CLANG_CXX_LANGUAGE_STANDARD = "gnu++20";
				CLANG_ENABLE_MODULES = YES;
				CLANG_ENABLE_OBJC_ARC = YES;
				CLANG_ENABLE_OBJC_WEAK = YES;
				CLANG_WARN_BLOCK_CAPTURE_AUTORELEASING = YES;
				CLANG_WARN_BOOL_CONVERSION = YES;
				CLANG_WARN_COMMA = YES;
				CLANG_WARN_CONSTANT_CONVERSION = YES;
				CLANG_WARN_DEPRECATED_OBJC_IMPLEMENTATIONS = YES;
				CLANG_WARN_DIRECT_OBJC_ISA_USAGE = YES_ERROR;
				CLANG_WARN_DOCUMENTATION_COMMENTS = YES;
				CLANG_WARN_EMPTY_BODY = YES;
				CLANG_WARN_ENUM_CONVERSION = YES;
				CLANG_WARN_INFINITE_RECURSION = YES;
				CLANG_WARN_INT_CONVERSION = YES;
				CLANG_WARN_NON_LITERAL_NULL_CONVERSION = YES;
				CLANG_WARN_OBJC_IMPLICIT_RETAIN_SELF = YES;
				CLANG_WARN_OBJC_LITERAL_CONVERSION = YES;
				CLANG_WARN_OBJC_ROOT_CLASS = YES_ERROR;
				CLANG_WARN_QUOTED_INCLUDE_IN_FRAMEWORK_HEADER = YES;
				CLANG_WARN_RANGE_LOOP_ANALYSIS = YES;
				CLANG_WARN_STRICT_PROTOTYPES = YES;
				CLANG_WARN_SUSPICIOUS_MOVE = YES;
				CLANG_WARN_UNGUARDED_AVAILABILITY = YES_AGGRESSIVE;
				CLANG_WARN_UNREACHABLE_CODE = YES;
				CLANG_WARN__DUPLICATE_METHOD_MATCH = YES;
				COPY_PHASE_STRIP = NO;
				DEBUG_INFORMATION_FORMAT = dwarf;
				ENABLE_STRICT_OBJC_MSGSEND = YES;
				ENABLE_TESTABILITY = YES;
				GCC_C_LANGUAGE_STANDARD = gnu11;
				GCC_DYNAMIC_NO_PIC = NO;
				GCC_NO_COMMON_BLOCKS = YES;
				GCC_OPTIMIZATION_LEVEL = 0;
				GCC_PREPROCESSOR_DEFINITIONS = (
					"DEBUG=1",
					"$(inherited)",
				);
				GCC_WARN_64_TO_32_BIT_CONVERSION = YES;
				GCC_WARN_ABOUT_RETURN_TYPE = YES_ERROR;
				GCC_WARN_UNDECLARED_SELECTOR = YES;
				GCC_WARN_UNINITIALIZED_AUTOS = YES_AGGRESSIVE;
				GCC_WARN_UNUSED_FUNCTION = YES;
				GCC_WARN_UNUSED_VARIABLE = YES;
				IPHONEOS_DEPLOYMENT_TARGET = 16.2;
				MTL_ENABLE_DEBUG_INFO = INCLUDE_SOURCE;
				MTL_FAST_MATH = YES;
				ONLY_ACTIVE_ARCH = YES;
				SDKROOT = iphoneos;
				SWIFT_ACTIVE_COMPILATION_CONDITIONS = DEBUG;
				SWIFT_OPTIMIZATION_LEVEL = "-Onone";
			};
			name = Debug;
		};
		04E6B82A296C539F00E50AA8 /* Release */ = {
			isa = XCBuildConfiguration;
			buildSettings = {
				ALWAYS_SEARCH_USER_PATHS = NO;
				CLANG_ANALYZER_NONNULL = YES;
				CLANG_ANALYZER_NUMBER_OBJECT_CONVERSION = YES_AGGRESSIVE;
				CLANG_CXX_LANGUAGE_STANDARD = "gnu++20";
				CLANG_ENABLE_MODULES = YES;
				CLANG_ENABLE_OBJC_ARC = YES;
				CLANG_ENABLE_OBJC_WEAK = YES;
				CLANG_WARN_BLOCK_CAPTURE_AUTORELEASING = YES;
				CLANG_WARN_BOOL_CONVERSION = YES;
				CLANG_WARN_COMMA = YES;
				CLANG_WARN_CONSTANT_CONVERSION = YES;
				CLANG_WARN_DEPRECATED_OBJC_IMPLEMENTATIONS = YES;
				CLANG_WARN_DIRECT_OBJC_ISA_USAGE = YES_ERROR;
				CLANG_WARN_DOCUMENTATION_COMMENTS = YES;
				CLANG_WARN_EMPTY_BODY = YES;
				CLANG_WARN_ENUM_CONVERSION = YES;
				CLANG_WARN_INFINITE_RECURSION = YES;
				CLANG_WARN_INT_CONVERSION = YES;
				CLANG_WARN_NON_LITERAL_NULL_CONVERSION = YES;
				CLANG_WARN_OBJC_IMPLICIT_RETAIN_SELF = YES;
				CLANG_WARN_OBJC_LITERAL_CONVERSION = YES;
				CLANG_WARN_OBJC_ROOT_CLASS = YES_ERROR;
				CLANG_WARN_QUOTED_INCLUDE_IN_FRAMEWORK_HEADER = YES;
				CLANG_WARN_RANGE_LOOP_ANALYSIS = YES;
				CLANG_WARN_STRICT_PROTOTYPES = YES;
				CLANG_WARN_SUSPICIOUS_MOVE = YES;
				CLANG_WARN_UNGUARDED_AVAILABILITY = YES_AGGRESSIVE;
				CLANG_WARN_UNREACHABLE_CODE = YES;
				CLANG_WARN__DUPLICATE_METHOD_MATCH = YES;
				COPY_PHASE_STRIP = NO;
				DEBUG_INFORMATION_FORMAT = "dwarf-with-dsym";
				ENABLE_NS_ASSERTIONS = NO;
				ENABLE_STRICT_OBJC_MSGSEND = YES;
				GCC_C_LANGUAGE_STANDARD = gnu11;
				GCC_NO_COMMON_BLOCKS = YES;
				GCC_WARN_64_TO_32_BIT_CONVERSION = YES;
				GCC_WARN_ABOUT_RETURN_TYPE = YES_ERROR;
				GCC_WARN_UNDECLARED_SELECTOR = YES;
				GCC_WARN_UNINITIALIZED_AUTOS = YES_AGGRESSIVE;
				GCC_WARN_UNUSED_FUNCTION = YES;
				GCC_WARN_UNUSED_VARIABLE = YES;
				IPHONEOS_DEPLOYMENT_TARGET = 16.2;
				MTL_ENABLE_DEBUG_INFO = NO;
				MTL_FAST_MATH = YES;
				SDKROOT = iphoneos;
				SWIFT_COMPILATION_MODE = wholemodule;
				SWIFT_OPTIMIZATION_LEVEL = "-O";
				VALIDATE_PRODUCT = YES;
			};
			name = Release;
		};
		04E6B82C296C539F00E50AA8 /* Debug */ = {
			isa = XCBuildConfiguration;
			buildSettings = {
				ASSETCATALOG_COMPILER_APPICON_NAME = AppIcon;
				ASSETCATALOG_COMPILER_GLOBAL_ACCENT_COLOR_NAME = AccentColor;
				CODE_SIGN_STYLE = Automatic;
				CURRENT_PROJECT_VERSION = 1;
				DEVELOPMENT_TEAM = FCFHS2BVLY;
				GENERATE_INFOPLIST_FILE = YES;
				INFOPLIST_FILE = CheckRoom/Info.plist;
				INFOPLIST_KEY_LSApplicationCategoryType = "public.app-category.utilities";
				INFOPLIST_KEY_UIApplicationSupportsIndirectInputEvents = YES;
				INFOPLIST_KEY_UILaunchStoryboardName = LaunchScreen;
				INFOPLIST_KEY_UIMainStoryboardFile = "";
				INFOPLIST_KEY_UISupportedInterfaceOrientations_iPad = "UIInterfaceOrientationPortrait UIInterfaceOrientationPortraitUpsideDown UIInterfaceOrientationLandscapeLeft UIInterfaceOrientationLandscapeRight";
				INFOPLIST_KEY_UISupportedInterfaceOrientations_iPhone = "UIInterfaceOrientationPortrait UIInterfaceOrientationLandscapeLeft UIInterfaceOrientationLandscapeRight";
				IPHONEOS_DEPLOYMENT_TARGET = 14.0;
				LD_RUNPATH_SEARCH_PATHS = (
					"$(inherited)",
					"@executable_path/Frameworks",
				);
				MARKETING_VERSION = 1.0;
				PRODUCT_BUNDLE_IDENTIFIER = artem.CheckRoom;
				PRODUCT_NAME = "$(TARGET_NAME)";
				SUPPORTED_PLATFORMS = "iphoneos iphonesimulator";
				SUPPORTS_MACCATALYST = NO;
				SUPPORTS_MAC_DESIGNED_FOR_IPHONE_IPAD = NO;
				SWIFT_EMIT_LOC_STRINGS = YES;
				SWIFT_VERSION = 5.0;
				TARGETED_DEVICE_FAMILY = 1;
			};
			name = Debug;
		};
		04E6B82D296C539F00E50AA8 /* Release */ = {
			isa = XCBuildConfiguration;
			buildSettings = {
				ASSETCATALOG_COMPILER_APPICON_NAME = AppIcon;
				ASSETCATALOG_COMPILER_GLOBAL_ACCENT_COLOR_NAME = AccentColor;
				CODE_SIGN_STYLE = Automatic;
				CURRENT_PROJECT_VERSION = 1;
				DEVELOPMENT_TEAM = FCFHS2BVLY;
				GENERATE_INFOPLIST_FILE = YES;
				INFOPLIST_FILE = CheckRoom/Info.plist;
				INFOPLIST_KEY_LSApplicationCategoryType = "public.app-category.utilities";
				INFOPLIST_KEY_UIApplicationSupportsIndirectInputEvents = YES;
				INFOPLIST_KEY_UILaunchStoryboardName = LaunchScreen;
				INFOPLIST_KEY_UIMainStoryboardFile = "";
				INFOPLIST_KEY_UISupportedInterfaceOrientations_iPad = "UIInterfaceOrientationPortrait UIInterfaceOrientationPortraitUpsideDown UIInterfaceOrientationLandscapeLeft UIInterfaceOrientationLandscapeRight";
				INFOPLIST_KEY_UISupportedInterfaceOrientations_iPhone = "UIInterfaceOrientationPortrait UIInterfaceOrientationLandscapeLeft UIInterfaceOrientationLandscapeRight";
				IPHONEOS_DEPLOYMENT_TARGET = 14.0;
				LD_RUNPATH_SEARCH_PATHS = (
					"$(inherited)",
					"@executable_path/Frameworks",
				);
				MARKETING_VERSION = 1.0;
				PRODUCT_BUNDLE_IDENTIFIER = artem.CheckRoom;
				PRODUCT_NAME = "$(TARGET_NAME)";
				SUPPORTED_PLATFORMS = "iphoneos iphonesimulator";
				SUPPORTS_MACCATALYST = NO;
				SUPPORTS_MAC_DESIGNED_FOR_IPHONE_IPAD = NO;
				SWIFT_EMIT_LOC_STRINGS = YES;
				SWIFT_VERSION = 5.0;
				TARGETED_DEVICE_FAMILY = 1;
			};
			name = Release;
		};
/* End XCBuildConfiguration section */

/* Begin XCConfigurationList section */
		04E6B812296C539C00E50AA8 /* Build configuration list for PBXProject "CheckRoom" */ = {
			isa = XCConfigurationList;
			buildConfigurations = (
				04E6B829296C539F00E50AA8 /* Debug */,
				04E6B82A296C539F00E50AA8 /* Release */,
			);
			defaultConfigurationIsVisible = 0;
			defaultConfigurationName = Release;
		};
		04E6B82B296C539F00E50AA8 /* Build configuration list for PBXNativeTarget "CheckRoom" */ = {
			isa = XCConfigurationList;
			buildConfigurations = (
				04E6B82C296C539F00E50AA8 /* Debug */,
				04E6B82D296C539F00E50AA8 /* Release */,
			);
			defaultConfigurationIsVisible = 0;
			defaultConfigurationName = Release;
		};
/* End XCConfigurationList section */
	};
	rootObject = 04E6B80F296C539C00E50AA8 /* Project object */;
}
