// !$*UTF8*$!
{
	archiveVersion = 1;
	classes = {
	};
	objectVersion = 56;
	objects = {

/* Begin PBXBuildFile section */
		04C9C3A5296C6C20005C7003 /* Icons.swift in Sources */ = {isa = PBXBuildFile; fileRef = 04C9C3A4296C6C20005C7003 /* Icons.swift */; };
		04C9C3A8296C7487005C7003 /* CameraViewController.swift in Sources */ = {isa = PBXBuildFile; fileRef = 04C9C3A7296C7487005C7003 /* CameraViewController.swift */; };
		04C9C3AA296C7E0C005C7003 /* ViewController.swift in Sources */ = {isa = PBXBuildFile; fileRef = 04C9C3A9296C7E0C005C7003 /* ViewController.swift */; };
		04C9C3B0296C8460005C7003 /* CategoryViewController.swift in Sources */ = {isa = PBXBuildFile; fileRef = 04C9C3AF296C8460005C7003 /* CategoryViewController.swift */; };
		04C9C3B2296C849A005C7003 /* CategoryCollectionView.swift in Sources */ = {isa = PBXBuildFile; fileRef = 04C9C3B1296C849A005C7003 /* CategoryCollectionView.swift */; };
		04E6B81B296C539C00E50AA8 /* AppDelegate.swift in Sources */ = {isa = PBXBuildFile; fileRef = 04E6B81A296C539C00E50AA8 /* AppDelegate.swift */; };
		04E6B81D296C539C00E50AA8 /* SceneDelegate.swift in Sources */ = {isa = PBXBuildFile; fileRef = 04E6B81C296C539C00E50AA8 /* SceneDelegate.swift */; };
		04E6B81F296C539C00E50AA8 /* MainViewController.swift in Sources */ = {isa = PBXBuildFile; fileRef = 04E6B81E296C539C00E50AA8 /* MainViewController.swift */; };
		04E6B824296C539F00E50AA8 /* Assets.xcassets in Resources */ = {isa = PBXBuildFile; fileRef = 04E6B823296C539F00E50AA8 /* Assets.xcassets */; };
		04E6B827296C539F00E50AA8 /* LaunchScreen.storyboard in Resources */ = {isa = PBXBuildFile; fileRef = 04E6B825296C539F00E50AA8 /* LaunchScreen.storyboard */; };
		04E6B831296C540800E50AA8 /* Coordinator.swift in Sources */ = {isa = PBXBuildFile; fileRef = 04E6B830296C540800E50AA8 /* Coordinator.swift */; };
		04E6B833296C542D00E50AA8 /* Builder.swift in Sources */ = {isa = PBXBuildFile; fileRef = 04E6B832296C542D00E50AA8 /* Builder.swift */; };
		04E6B836296C593600E50AA8 /* MainHeaderView.swift in Sources */ = {isa = PBXBuildFile; fileRef = 04E6B835296C593600E50AA8 /* MainHeaderView.swift */; };
/* End PBXBuildFile section */

/* Begin PBXFileReference section */
		04C9C3A4296C6C20005C7003 /* Icons.swift */ = {isa = PBXFileReference; lastKnownFileType = sourcecode.swift; path = Icons.swift; sourceTree = "<group>"; };
		04C9C3A7296C7487005C7003 /* CameraViewController.swift */ = {isa = PBXFileReference; lastKnownFileType = sourcecode.swift; path = CameraViewController.swift; sourceTree = "<group>"; };
		04C9C3A9296C7E0C005C7003 /* ViewController.swift */ = {isa = PBXFileReference; lastKnownFileType = sourcecode.swift; path = ViewController.swift; sourceTree = "<group>"; };
		04C9C3AF296C8460005C7003 /* CategoryViewController.swift */ = {isa = PBXFileReference; lastKnownFileType = sourcecode.swift; path = CategoryViewController.swift; sourceTree = "<group>"; };
		04C9C3B1296C849A005C7003 /* CategoryCollectionView.swift */ = {isa = PBXFileReference; lastKnownFileType = sourcecode.swift; path = CategoryCollectionView.swift; sourceTree = "<group>"; };
		04E6B817296C539C00E50AA8 /* CheckRoom.app */ = {isa = PBXFileReference; explicitFileType = wrapper.application; includeInIndex = 0; path = CheckRoom.app; sourceTree = BUILT_PRODUCTS_DIR; };
		04E6B81A296C539C00E50AA8 /* AppDelegate.swift */ = {isa = PBXFileReference; lastKnownFileType = sourcecode.swift; path = AppDelegate.swift; sourceTree = "<group>"; };
		04E6B81C296C539C00E50AA8 /* SceneDelegate.swift */ = {isa = PBXFileReference; lastKnownFileType = sourcecode.swift; path = SceneDelegate.swift; sourceTree = "<group>"; };
		04E6B81E296C539C00E50AA8 /* MainViewController.swift */ = {isa = PBXFileReference; lastKnownFileType = sourcecode.swift; path = MainViewController.swift; sourceTree = "<group>"; };
		04E6B823296C539F00E50AA8 /* Assets.xcassets */ = {isa = PBXFileReference; lastKnownFileType = folder.assetcatalog; path = Assets.xcassets; sourceTree = "<group>"; };
		04E6B826296C539F00E50AA8 /* Base */ = {isa = PBXFileReference; lastKnownFileType = file.storyboard; name = Base; path = Base.lproj/LaunchScreen.storyboard; sourceTree = "<group>"; };
		04E6B828296C539F00E50AA8 /* Info.plist */ = {isa = PBXFileReference; lastKnownFileType = text.plist.xml; path = Info.plist; sourceTree = "<group>"; };
		04E6B830296C540800E50AA8 /* Coordinator.swift */ = {isa = PBXFileReference; lastKnownFileType = sourcecode.swift; path = Coordinator.swift; sourceTree = "<group>"; };
		04E6B832296C542D00E50AA8 /* Builder.swift */ = {isa = PBXFileReference; lastKnownFileType = sourcecode.swift; path = Builder.swift; sourceTree = "<group>"; };
		04E6B835296C593600E50AA8 /* MainHeaderView.swift */ = {isa = PBXFileReference; lastKnownFileType = sourcecode.swift; path = MainHeaderView.swift; sourceTree = "<group>"; };
/* End PBXFileReference section */

/* Begin PBXFrameworksBuildPhase section */
		04E6B814296C539C00E50AA8 /* Frameworks */ = {
			isa = PBXFrameworksBuildPhase;
			buildActionMask = 2147483647;
			files = (
			);
			runOnlyForDeploymentPostprocessing = 0;
		};
/* End PBXFrameworksBuildPhase section */

/* Begin PBXGroup section */
		04C9C3A6296C7471005C7003 /* NewItem Module */ = {
			isa = PBXGroup;
			children = (
				04C9C3B1296C849A005C7003 /* CategoryCollectionView.swift */,
				04C9C3AB296C83DB005C7003 /* Camera */,
				04C9C3AC296C83E2005C7003 /* Category */,
				04C9C3AD296C8420005C7003 /* Subcategory */,
				04C9C3AE296C842C005C7003 /* Accessory */,
			);
			path = "NewItem Module";
			sourceTree = "<group>";
		};
		04C9C3AB296C83DB005C7003 /* Camera */ = {
			isa = PBXGroup;
			children = (
				04C9C3A7296C7487005C7003 /* CameraViewController.swift */,
			);
			path = Camera;
			sourceTree = "<group>";
		};
		04C9C3AC296C83E2005C7003 /* Category */ = {
			isa = PBXGroup;
			children = (
				04C9C3AF296C8460005C7003 /* CategoryViewController.swift */,
			);
			path = Category;
			sourceTree = "<group>";
		};
		04C9C3AD296C8420005C7003 /* Subcategory */ = {
			isa = PBXGroup;
			children = (
			);
			path = Subcategory;
			sourceTree = "<group>";
		};
		04C9C3AE296C842C005C7003 /* Accessory */ = {
			isa = PBXGroup;
			children = (
			);
			path = Accessory;
			sourceTree = "<group>";
		};
		04E6B80E296C539C00E50AA8 = {
			isa = PBXGroup;
			children = (
				04E6B819296C539C00E50AA8 /* CheckRoom */,
				04E6B818296C539C00E50AA8 /* Products */,
			);
			sourceTree = "<group>";
		};
		04E6B818296C539C00E50AA8 /* Products */ = {
			isa = PBXGroup;
			children = (
				04E6B817296C539C00E50AA8 /* CheckRoom.app */,
			);
			name = Products;
			sourceTree = "<group>";
		};
		04E6B819296C539C00E50AA8 /* CheckRoom */ = {
			isa = PBXGroup;
			children = (
				04E6B81A296C539C00E50AA8 /* AppDelegate.swift */,
				04E6B81C296C539C00E50AA8 /* SceneDelegate.swift */,
				04C9C3A6296C7471005C7003 /* NewItem Module */,
				04E6B834296C550F00E50AA8 /* Main */,
				04E6B82E296C53F000E50AA8 /* Builder */,
				04E6B82F296C53F800E50AA8 /* Coordinator */,
				04E6B825296C539F00E50AA8 /* LaunchScreen.storyboard */,
				04E6B823296C539F00E50AA8 /* Assets.xcassets */,
				04E6B828296C539F00E50AA8 /* Info.plist */,
				04C9C3A4296C6C20005C7003 /* Icons.swift */,
				04C9C3A9296C7E0C005C7003 /* ViewController.swift */,
			);
			path = CheckRoom;
			sourceTree = "<group>";
		};
		04E6B82E296C53F000E50AA8 /* Builder */ = {
			isa = PBXGroup;
			children = (
				04E6B832296C542D00E50AA8 /* Builder.swift */,
			);
			path = Builder;
			sourceTree = "<group>";
		};
		04E6B82F296C53F800E50AA8 /* Coordinator */ = {
			isa = PBXGroup;
			children = (
				04E6B830296C540800E50AA8 /* Coordinator.swift */,
			);
			path = Coordinator;
			sourceTree = "<group>";
		};
		04E6B834296C550F00E50AA8 /* Main */ = {
			isa = PBXGroup;
			children = (
				04E6B81E296C539C00E50AA8 /* MainViewController.swift */,
				04E6B835296C593600E50AA8 /* MainHeaderView.swift */,
			);
			path = Main;
			sourceTree = "<group>";
		};
/* End PBXGroup section */

/* Begin PBXNativeTarget section */
		04E6B816296C539C00E50AA8 /* CheckRoom */ = {
			isa = PBXNativeTarget;
			buildConfigurationList = 04E6B82B296C539F00E50AA8 /* Build configuration list for PBXNativeTarget "CheckRoom" */;
			buildPhases = (
				04E6B813296C539C00E50AA8 /* Sources */,
				04E6B814296C539C00E50AA8 /* Frameworks */,
				04E6B815296C539C00E50AA8 /* Resources */,
			);
			buildRules = (
			);
			dependencies = (
			);
			name = CheckRoom;
			productName = CheckRoom;
			productReference = 04E6B817296C539C00E50AA8 /* CheckRoom.app */;
			productType = "com.apple.product-type.application";
		};
/* End PBXNativeTarget section */

/* Begin PBXProject section */
		04E6B80F296C539C00E50AA8 /* Project object */ = {
			isa = PBXProject;
			attributes = {
				BuildIndependentTargetsInParallel = 1;
				LastSwiftUpdateCheck = 1420;
				LastUpgradeCheck = 1420;
				TargetAttributes = {
					04E6B816296C539C00E50AA8 = {
						CreatedOnToolsVersion = 14.2;
					};
				};
			};
			buildConfigurationList = 04E6B812296C539C00E50AA8 /* Build configuration list for PBXProject "CheckRoom" */;
			compatibilityVersion = "Xcode 14.0";
			developmentRegion = en;
			hasScannedForEncodings = 0;
			knownRegions = (
				en,
				Base,
			);
			mainGroup = 04E6B80E296C539C00E50AA8;
			productRefGroup = 04E6B818296C539C00E50AA8 /* Products */;
			projectDirPath = "";
			projectRoot = "";
			targets = (
				04E6B816296C539C00E50AA8 /* CheckRoom */,
			);
		};
/* End PBXProject section */

/* Begin PBXResourcesBuildPhase section */
		04E6B815296C539C00E50AA8 /* Resources */ = {
			isa = PBXResourcesBuildPhase;
			buildActionMask = 2147483647;
			files = (
				04E6B827296C539F00E50AA8 /* LaunchScreen.storyboard in Resources */,
				04E6B824296C539F00E50AA8 /* Assets.xcassets in Resources */,
			);
			runOnlyForDeploymentPostprocessing = 0;
		};
/* End PBXResourcesBuildPhase section */

/* Begin PBXSourcesBuildPhase section */
		04E6B813296C539C00E50AA8 /* Sources */ = {
			isa = PBXSourcesBuildPhase;
			buildActionMask = 2147483647;
			files = (
				04C9C3B0296C8460005C7003 /* CategoryViewController.swift in Sources */,
				04E6B831296C540800E50AA8 /* Coordinator.swift in Sources */,
				04E6B81F296C539C00E50AA8 /* MainViewController.swift in Sources */,
				04E6B81B296C539C00E50AA8 /* AppDelegate.swift in Sources */,
				04C9C3AA296C7E0C005C7003 /* ViewController.swift in Sources */,
				04C9C3B2296C849A005C7003 /* CategoryCollectionView.swift in Sources */,
				04C9C3A5296C6C20005C7003 /* Icons.swift in Sources */,
				04E6B81D296C539C00E50AA8 /* SceneDelegate.swift in Sources */,
				04C9C3A8296C7487005C7003 /* CameraViewController.swift in Sources */,
				04E6B836296C593600E50AA8 /* MainHeaderView.swift in Sources */,
				04E6B833296C542D00E50AA8 /* Builder.swift in Sources */,
			);
			runOnlyForDeploymentPostprocessing = 0;
		};
/* End PBXSourcesBuildPhase section */

/* Begin PBXVariantGroup section */
		04E6B825296C539F00E50AA8 /* LaunchScreen.storyboard */ = {
			isa = PBXVariantGroup;
			children = (
				04E6B826296C539F00E50AA8 /* Base */,
			);
			name = LaunchScreen.storyboard;
			sourceTree = "<group>";
		};
/* End PBXVariantGroup section */

/* Begin XCBuildConfiguration section */
		04E6B829296C539F00E50AA8 /* Debug */ = {
			isa = XCBuildConfiguration;
			buildSettings = {
				ALWAYS_SEARCH_USER_PATHS = NO;
				CLANG_ANALYZER_NONNULL = YES;
				CLANG_ANALYZER_NUMBER_OBJECT_CONVERSION = YES_AGGRESSIVE;
				CLANG_CXX_LANGUAGE_STANDARD = "gnu++20";
				CLANG_ENABLE_MODULES = YES;
				CLANG_ENABLE_OBJC_ARC = YES;
				CLANG_ENABLE_OBJC_WEAK = YES;
				CLANG_WARN_BLOCK_CAPTURE_AUTORELEASING = YES;
				CLANG_WARN_BOOL_CONVERSION = YES;
				CLANG_WARN_COMMA = YES;
				CLANG_WARN_CONSTANT_CONVERSION = YES;
				CLANG_WARN_DEPRECATED_OBJC_IMPLEMENTATIONS = YES;
				CLANG_WARN_DIRECT_OBJC_ISA_USAGE = YES_ERROR;
				CLANG_WARN_DOCUMENTATION_COMMENTS = YES;
				CLANG_WARN_EMPTY_BODY = YES;
				CLANG_WARN_ENUM_CONVERSION = YES;
				CLANG_WARN_INFINITE_RECURSION = YES;
				CLANG_WARN_INT_CONVERSION = YES;
				CLANG_WARN_NON_LITERAL_NULL_CONVERSION = YES;
				CLANG_WARN_OBJC_IMPLICIT_RETAIN_SELF = YES;
				CLANG_WARN_OBJC_LITERAL_CONVERSION = YES;
				CLANG_WARN_OBJC_ROOT_CLASS = YES_ERROR;
				CLANG_WARN_QUOTED_INCLUDE_IN_FRAMEWORK_HEADER = YES;
				CLANG_WARN_RANGE_LOOP_ANALYSIS = YES;
				CLANG_WARN_STRICT_PROTOTYPES = YES;
				CLANG_WARN_SUSPICIOUS_MOVE = YES;
				CLANG_WARN_UNGUARDED_AVAILABILITY = YES_AGGRESSIVE;
				CLANG_WARN_UNREACHABLE_CODE = YES;
				CLANG_WARN__DUPLICATE_METHOD_MATCH = YES;
				COPY_PHASE_STRIP = NO;
				DEBUG_INFORMATION_FORMAT = dwarf;
				ENABLE_STRICT_OBJC_MSGSEND = YES;
				ENABLE_TESTABILITY = YES;
				GCC_C_LANGUAGE_STANDARD = gnu11;
				GCC_DYNAMIC_NO_PIC = NO;
				GCC_NO_COMMON_BLOCKS = YES;
				GCC_OPTIMIZATION_LEVEL = 0;
				GCC_PREPROCESSOR_DEFINITIONS = (
					"DEBUG=1",
					"$(inherited)",
				);
				GCC_WARN_64_TO_32_BIT_CONVERSION = YES;
				GCC_WARN_ABOUT_RETURN_TYPE = YES_ERROR;
				GCC_WARN_UNDECLARED_SELECTOR = YES;
				GCC_WARN_UNINITIALIZED_AUTOS = YES_AGGRESSIVE;
				GCC_WARN_UNUSED_FUNCTION = YES;
				GCC_WARN_UNUSED_VARIABLE = YES;
				IPHONEOS_DEPLOYMENT_TARGET = 16.2;
				MTL_ENABLE_DEBUG_INFO = INCLUDE_SOURCE;
				MTL_FAST_MATH = YES;
				ONLY_ACTIVE_ARCH = YES;
				SDKROOT = iphoneos;
				SWIFT_ACTIVE_COMPILATION_CONDITIONS = DEBUG;
				SWIFT_OPTIMIZATION_LEVEL = "-Onone";
			};
			name = Debug;
		};
		04E6B82A296C539F00E50AA8 /* Release */ = {
			isa = XCBuildConfiguration;
			buildSettings = {
				ALWAYS_SEARCH_USER_PATHS = NO;
				CLANG_ANALYZER_NONNULL = YES;
				CLANG_ANALYZER_NUMBER_OBJECT_CONVERSION = YES_AGGRESSIVE;
				CLANG_CXX_LANGUAGE_STANDARD = "gnu++20";
				CLANG_ENABLE_MODULES = YES;
				CLANG_ENABLE_OBJC_ARC = YES;
				CLANG_ENABLE_OBJC_WEAK = YES;
				CLANG_WARN_BLOCK_CAPTURE_AUTORELEASING = YES;
				CLANG_WARN_BOOL_CONVERSION = YES;
				CLANG_WARN_COMMA = YES;
				CLANG_WARN_CONSTANT_CONVERSION = YES;
				CLANG_WARN_DEPRECATED_OBJC_IMPLEMENTATIONS = YES;
				CLANG_WARN_DIRECT_OBJC_ISA_USAGE = YES_ERROR;
				CLANG_WARN_DOCUMENTATION_COMMENTS = YES;
				CLANG_WARN_EMPTY_BODY = YES;
				CLANG_WARN_ENUM_CONVERSION = YES;
				CLANG_WARN_INFINITE_RECURSION = YES;
				CLANG_WARN_INT_CONVERSION = YES;
				CLANG_WARN_NON_LITERAL_NULL_CONVERSION = YES;
				CLANG_WARN_OBJC_IMPLICIT_RETAIN_SELF = YES;
				CLANG_WARN_OBJC_LITERAL_CONVERSION = YES;
				CLANG_WARN_OBJC_ROOT_CLASS = YES_ERROR;
				CLANG_WARN_QUOTED_INCLUDE_IN_FRAMEWORK_HEADER = YES;
				CLANG_WARN_RANGE_LOOP_ANALYSIS = YES;
				CLANG_WARN_STRICT_PROTOTYPES = YES;
				CLANG_WARN_SUSPICIOUS_MOVE = YES;
				CLANG_WARN_UNGUARDED_AVAILABILITY = YES_AGGRESSIVE;
				CLANG_WARN_UNREACHABLE_CODE = YES;
				CLANG_WARN__DUPLICATE_METHOD_MATCH = YES;
				COPY_PHASE_STRIP = NO;
				DEBUG_INFORMATION_FORMAT = "dwarf-with-dsym";
				ENABLE_NS_ASSERTIONS = NO;
				ENABLE_STRICT_OBJC_MSGSEND = YES;
				GCC_C_LANGUAGE_STANDARD = gnu11;
				GCC_NO_COMMON_BLOCKS = YES;
				GCC_WARN_64_TO_32_BIT_CONVERSION = YES;
				GCC_WARN_ABOUT_RETURN_TYPE = YES_ERROR;
				GCC_WARN_UNDECLARED_SELECTOR = YES;
				GCC_WARN_UNINITIALIZED_AUTOS = YES_AGGRESSIVE;
				GCC_WARN_UNUSED_FUNCTION = YES;
				GCC_WARN_UNUSED_VARIABLE = YES;
				IPHONEOS_DEPLOYMENT_TARGET = 16.2;
				MTL_ENABLE_DEBUG_INFO = NO;
				MTL_FAST_MATH = YES;
				SDKROOT = iphoneos;
				SWIFT_COMPILATION_MODE = wholemodule;
				SWIFT_OPTIMIZATION_LEVEL = "-O";
				VALIDATE_PRODUCT = YES;
			};
			name = Release;
		};
		04E6B82C296C539F00E50AA8 /* Debug */ = {
			isa = XCBuildConfiguration;
			buildSettings = {
				ASSETCATALOG_COMPILER_APPICON_NAME = AppIcon;
				ASSETCATALOG_COMPILER_GLOBAL_ACCENT_COLOR_NAME = AccentColor;
				CODE_SIGN_STYLE = Automatic;
				CURRENT_PROJECT_VERSION = 1;
				DEVELOPMENT_TEAM = FCFHS2BVLY;
				GENERATE_INFOPLIST_FILE = YES;
				INFOPLIST_FILE = CheckRoom/Info.plist;
				INFOPLIST_KEY_LSApplicationCategoryType = "public.app-category.utilities";
				INFOPLIST_KEY_UIApplicationSupportsIndirectInputEvents = YES;
				INFOPLIST_KEY_UILaunchStoryboardName = LaunchScreen;
				INFOPLIST_KEY_UIMainStoryboardFile = "";
				INFOPLIST_KEY_UISupportedInterfaceOrientations_iPad = "UIInterfaceOrientationPortrait UIInterfaceOrientationPortraitUpsideDown UIInterfaceOrientationLandscapeLeft UIInterfaceOrientationLandscapeRight";
				INFOPLIST_KEY_UISupportedInterfaceOrientations_iPhone = "UIInterfaceOrientationPortrait UIInterfaceOrientationLandscapeLeft UIInterfaceOrientationLandscapeRight";
				IPHONEOS_DEPLOYMENT_TARGET = 14.0;
				LD_RUNPATH_SEARCH_PATHS = (
					"$(inherited)",
					"@executable_path/Frameworks",
				);
				MARKETING_VERSION = 1.0;
				PRODUCT_BUNDLE_IDENTIFIER = artem.CheckRoom;
				PRODUCT_NAME = "$(TARGET_NAME)";
				SUPPORTED_PLATFORMS = "iphoneos iphonesimulator";
				SUPPORTS_MACCATALYST = NO;
				SUPPORTS_MAC_DESIGNED_FOR_IPHONE_IPAD = NO;
				SWIFT_EMIT_LOC_STRINGS = YES;
				SWIFT_VERSION = 5.0;
				TARGETED_DEVICE_FAMILY = 1;
			};
			name = Debug;
		};
		04E6B82D296C539F00E50AA8 /* Release */ = {
			isa = XCBuildConfiguration;
			buildSettings = {
				ASSETCATALOG_COMPILER_APPICON_NAME = AppIcon;
				ASSETCATALOG_COMPILER_GLOBAL_ACCENT_COLOR_NAME = AccentColor;
				CODE_SIGN_STYLE = Automatic;
				CURRENT_PROJECT_VERSION = 1;
				DEVELOPMENT_TEAM = FCFHS2BVLY;
				GENERATE_INFOPLIST_FILE = YES;
				INFOPLIST_FILE = CheckRoom/Info.plist;
				INFOPLIST_KEY_LSApplicationCategoryType = "public.app-category.utilities";
				INFOPLIST_KEY_UIApplicationSupportsIndirectInputEvents = YES;
				INFOPLIST_KEY_UILaunchStoryboardName = LaunchScreen;
				INFOPLIST_KEY_UIMainStoryboardFile = "";
				INFOPLIST_KEY_UISupportedInterfaceOrientations_iPad = "UIInterfaceOrientationPortrait UIInterfaceOrientationPortraitUpsideDown UIInterfaceOrientationLandscapeLeft UIInterfaceOrientationLandscapeRight";
				INFOPLIST_KEY_UISupportedInterfaceOrientations_iPhone = "UIInterfaceOrientationPortrait UIInterfaceOrientationLandscapeLeft UIInterfaceOrientationLandscapeRight";
				IPHONEOS_DEPLOYMENT_TARGET = 14.0;
				LD_RUNPATH_SEARCH_PATHS = (
					"$(inherited)",
					"@executable_path/Frameworks",
				);
				MARKETING_VERSION = 1.0;
				PRODUCT_BUNDLE_IDENTIFIER = artem.CheckRoom;
				PRODUCT_NAME = "$(TARGET_NAME)";
				SUPPORTED_PLATFORMS = "iphoneos iphonesimulator";
				SUPPORTS_MACCATALYST = NO;
				SUPPORTS_MAC_DESIGNED_FOR_IPHONE_IPAD = NO;
				SWIFT_EMIT_LOC_STRINGS = YES;
				SWIFT_VERSION = 5.0;
				TARGETED_DEVICE_FAMILY = 1;
			};
			name = Release;
		};
/* End XCBuildConfiguration section */

/* Begin XCConfigurationList section */
		04E6B812296C539C00E50AA8 /* Build configuration list for PBXProject "CheckRoom" */ = {
			isa = XCConfigurationList;
			buildConfigurations = (
				04E6B829296C539F00E50AA8 /* Debug */,
				04E6B82A296C539F00E50AA8 /* Release */,
			);
			defaultConfigurationIsVisible = 0;
			defaultConfigurationName = Release;
		};
		04E6B82B296C539F00E50AA8 /* Build configuration list for PBXNativeTarget "CheckRoom" */ = {
			isa = XCConfigurationList;
			buildConfigurations = (
				04E6B82C296C539F00E50AA8 /* Debug */,
				04E6B82D296C539F00E50AA8 /* Release */,
			);
			defaultConfigurationIsVisible = 0;
			defaultConfigurationName = Release;
		};
/* End XCConfigurationList section */
	};
	rootObject = 04E6B80F296C539C00E50AA8 /* Project object */;
}
